// !$*UTF8*$!
{
	archiveVersion = 1;
	classes = {
	};
	objectVersion = 46;
	objects = {

/* Begin PBXBuildFile section */
		111FF56A1E89CD18006DA93A /* FeaturedGamesController.swift in Sources */ = {isa = PBXBuildFile; fileRef = 111FF5691E89CD18006DA93A /* FeaturedGamesController.swift */; };
		111FF56C1E89D14E006DA93A /* SideBarContainerController.swift in Sources */ = {isa = PBXBuildFile; fileRef = 111FF56B1E89D14E006DA93A /* SideBarContainerController.swift */; };
		111FF56E1E89D44D006DA93A /* SideBarController.swift in Sources */ = {isa = PBXBuildFile; fileRef = 111FF56D1E89D44D006DA93A /* SideBarController.swift */; };
		111FF5721E89DFB1006DA93A /* GolfGrass@2x.png in Resources */ = {isa = PBXBuildFile; fileRef = 111FF56F1E89DFB1006DA93A /* GolfGrass@2x.png */; };
		111FF5731E89DFB1006DA93A /* GolfGrass@3x.png in Resources */ = {isa = PBXBuildFile; fileRef = 111FF5701E89DFB1006DA93A /* GolfGrass@3x.png */; };
		111FF5741E89DFB1006DA93A /* GolfGrass.png in Resources */ = {isa = PBXBuildFile; fileRef = 111FF5711E89DFB1006DA93A /* GolfGrass.png */; };
		111FF5881E89E6AE006DA93A /* slide_option_3@3x.png in Resources */ = {isa = PBXBuildFile; fileRef = 111FF5761E89E6AE006DA93A /* slide_option_3@3x.png */; };
		111FF5891E89E6AE006DA93A /* slideLogOutButton.png in Resources */ = {isa = PBXBuildFile; fileRef = 111FF5771E89E6AE006DA93A /* slideLogOutButton.png */; };
		111FF58A1E89E6AE006DA93A /* slideLogOutButton@2x.png in Resources */ = {isa = PBXBuildFile; fileRef = 111FF5781E89E6AE006DA93A /* slideLogOutButton@2x.png */; };
		111FF58B1E89E6AE006DA93A /* slideLogOutButton@3x.png in Resources */ = {isa = PBXBuildFile; fileRef = 111FF5791E89E6AE006DA93A /* slideLogOutButton@3x.png */; };
		111FF58C1E89E6AE006DA93A /* slide_option_1.png in Resources */ = {isa = PBXBuildFile; fileRef = 111FF57A1E89E6AE006DA93A /* slide_option_1.png */; };
		111FF58D1E89E6AE006DA93A /* slide_option_1@2x.png in Resources */ = {isa = PBXBuildFile; fileRef = 111FF57B1E89E6AE006DA93A /* slide_option_1@2x.png */; };
		111FF58E1E89E6AE006DA93A /* slide_option_1@3x.png in Resources */ = {isa = PBXBuildFile; fileRef = 111FF57C1E89E6AE006DA93A /* slide_option_1@3x.png */; };
		111FF58F1E89E6AE006DA93A /* slide_option_2.png in Resources */ = {isa = PBXBuildFile; fileRef = 111FF57D1E89E6AE006DA93A /* slide_option_2.png */; };
		111FF5901E89E6AE006DA93A /* slide_option_2@2x.png in Resources */ = {isa = PBXBuildFile; fileRef = 111FF57E1E89E6AE006DA93A /* slide_option_2@2x.png */; };
		111FF5911E89E6AE006DA93A /* slide_option_2@3x.png in Resources */ = {isa = PBXBuildFile; fileRef = 111FF57F1E89E6AE006DA93A /* slide_option_2@3x.png */; };
		111FF5921E89E6AE006DA93A /* slide_option_3.png in Resources */ = {isa = PBXBuildFile; fileRef = 111FF5801E89E6AE006DA93A /* slide_option_3.png */; };
		111FF5931E89E6AE006DA93A /* slide_option_3@2x.png in Resources */ = {isa = PBXBuildFile; fileRef = 111FF5811E89E6AE006DA93A /* slide_option_3@2x.png */; };
		111FF5941E89E6AE006DA93A /* slidePicFrame.png in Resources */ = {isa = PBXBuildFile; fileRef = 111FF5821E89E6AE006DA93A /* slidePicFrame.png */; };
		111FF5951E89E6AE006DA93A /* slidePicFrame@2x.png in Resources */ = {isa = PBXBuildFile; fileRef = 111FF5831E89E6AE006DA93A /* slidePicFrame@2x.png */; };
		111FF5961E89E6AE006DA93A /* slidePicFrame@3x.png in Resources */ = {isa = PBXBuildFile; fileRef = 111FF5841E89E6AE006DA93A /* slidePicFrame@3x.png */; };
		111FF5971E89E6AE006DA93A /* slideBackDrop@2x.png in Resources */ = {isa = PBXBuildFile; fileRef = 111FF5851E89E6AE006DA93A /* slideBackDrop@2x.png */; };
		111FF5981E89E6AE006DA93A /* slideBackDrop@3x.png in Resources */ = {isa = PBXBuildFile; fileRef = 111FF5861E89E6AE006DA93A /* slideBackDrop@3x.png */; };
		111FF5991E89E6AE006DA93A /* slideBackDrop.png in Resources */ = {isa = PBXBuildFile; fileRef = 111FF5871E89E6AE006DA93A /* slideBackDrop.png */; };
		111FF59D1E89EB53006DA93A /* slide_option3Grouped.png in Resources */ = {isa = PBXBuildFile; fileRef = 111FF59A1E89EB53006DA93A /* slide_option3Grouped.png */; };
		111FF59E1E89EB53006DA93A /* slide_option3Grouped@2x.png in Resources */ = {isa = PBXBuildFile; fileRef = 111FF59B1E89EB53006DA93A /* slide_option3Grouped@2x.png */; };
		111FF59F1E89EB53006DA93A /* slide_option3Grouped@3x.png in Resources */ = {isa = PBXBuildFile; fileRef = 111FF59C1E89EB53006DA93A /* slide_option3Grouped@3x.png */; };
		111FF5A91E89EBE2006DA93A /* logout.png in Resources */ = {isa = PBXBuildFile; fileRef = 111FF5A61E89EBE2006DA93A /* logout.png */; };
		111FF5AA1E89EBE2006DA93A /* logout@2x.png in Resources */ = {isa = PBXBuildFile; fileRef = 111FF5A71E89EBE2006DA93A /* logout@2x.png */; };
		111FF5AB1E89EBE2006DA93A /* logout@3x.png in Resources */ = {isa = PBXBuildFile; fileRef = 111FF5A81E89EBE2006DA93A /* logout@3x.png */; };
		111FF5B51E89ED1A006DA93A /* slide_option2.png in Resources */ = {isa = PBXBuildFile; fileRef = 111FF5B21E89ED1A006DA93A /* slide_option2.png */; };
		111FF5B61E89ED1A006DA93A /* slide_option2@2x.png in Resources */ = {isa = PBXBuildFile; fileRef = 111FF5B31E89ED1A006DA93A /* slide_option2@2x.png */; };
		111FF5B71E89ED1A006DA93A /* slide_option2@3x.png in Resources */ = {isa = PBXBuildFile; fileRef = 111FF5B41E89ED1A006DA93A /* slide_option2@3x.png */; };
		111FF5BB1E89EDAA006DA93A /* currentGamesOption.png in Resources */ = {isa = PBXBuildFile; fileRef = 111FF5B81E89EDAA006DA93A /* currentGamesOption.png */; };
		111FF5BC1E89EDAA006DA93A /* currentGamesOption@2x.png in Resources */ = {isa = PBXBuildFile; fileRef = 111FF5B91E89EDAA006DA93A /* currentGamesOption@2x.png */; };
		111FF5BD1E89EDAA006DA93A /* currentGamesOption@3x.png in Resources */ = {isa = PBXBuildFile; fileRef = 111FF5BA1E89EDAA006DA93A /* currentGamesOption@3x.png */; };
		111FF5C51E8A0E94006DA93A /* imageBg.png in Resources */ = {isa = PBXBuildFile; fileRef = 111FF5BF1E8A0E94006DA93A /* imageBg.png */; };
		111FF5C61E8A0E94006DA93A /* imageBg@2x.png in Resources */ = {isa = PBXBuildFile; fileRef = 111FF5C01E8A0E94006DA93A /* imageBg@2x.png */; };
		111FF5C71E8A0E94006DA93A /* imageBg@3x.png in Resources */ = {isa = PBXBuildFile; fileRef = 111FF5C11E8A0E94006DA93A /* imageBg@3x.png */; };
		111FF5C81E8A0E94006DA93A /* gameBotBg.png in Resources */ = {isa = PBXBuildFile; fileRef = 111FF5C21E8A0E94006DA93A /* gameBotBg.png */; };
		111FF5C91E8A0E94006DA93A /* gameBotBg@2x.png in Resources */ = {isa = PBXBuildFile; fileRef = 111FF5C31E8A0E94006DA93A /* gameBotBg@2x.png */; };
		111FF5CA1E8A0E94006DA93A /* gameBotBg@3x.png in Resources */ = {isa = PBXBuildFile; fileRef = 111FF5C41E8A0E94006DA93A /* gameBotBg@3x.png */; };
		111FF5CE1E8A0E9F006DA93A /* courseCellMaskTop@1x.png in Resources */ = {isa = PBXBuildFile; fileRef = 111FF5CB1E8A0E9F006DA93A /* courseCellMaskTop@1x.png */; };
		111FF5CF1E8A0E9F006DA93A /* courseCellMaskTop@2x.png in Resources */ = {isa = PBXBuildFile; fileRef = 111FF5CC1E8A0E9F006DA93A /* courseCellMaskTop@2x.png */; };
		111FF5D01E8A0E9F006DA93A /* courseCellMaskTop@3x.png in Resources */ = {isa = PBXBuildFile; fileRef = 111FF5CD1E8A0E9F006DA93A /* courseCellMaskTop@3x.png */; };
		111FF5D41E8A1013006DA93A /* peopleIcon.png in Resources */ = {isa = PBXBuildFile; fileRef = 111FF5D11E8A1013006DA93A /* peopleIcon.png */; };
		111FF5D51E8A1013006DA93A /* peopleIcon@2x.png in Resources */ = {isa = PBXBuildFile; fileRef = 111FF5D21E8A1013006DA93A /* peopleIcon@2x.png */; };
		111FF5D61E8A1013006DA93A /* peopleIcon@3x.png in Resources */ = {isa = PBXBuildFile; fileRef = 111FF5D31E8A1013006DA93A /* peopleIcon@3x.png */; };
		111FF5DA1E8A1073006DA93A /* blueOptBg.png in Resources */ = {isa = PBXBuildFile; fileRef = 111FF5D71E8A1073006DA93A /* blueOptBg.png */; };
		111FF5DB1E8A1073006DA93A /* blueOptBg@2x.png in Resources */ = {isa = PBXBuildFile; fileRef = 111FF5D81E8A1073006DA93A /* blueOptBg@2x.png */; };
		111FF5DC1E8A1073006DA93A /* blueOptBg@3x.png in Resources */ = {isa = PBXBuildFile; fileRef = 111FF5D91E8A1073006DA93A /* blueOptBg@3x.png */; };
		111FF5E61E8B0EDE006DA93A /* hamburger.png in Resources */ = {isa = PBXBuildFile; fileRef = 111FF5E31E8B0EDE006DA93A /* hamburger.png */; };
		111FF5E71E8B0EDE006DA93A /* hamburger@2x.png in Resources */ = {isa = PBXBuildFile; fileRef = 111FF5E41E8B0EDE006DA93A /* hamburger@2x.png */; };
		111FF5E81E8B0EDE006DA93A /* hamburger@3x.png in Resources */ = {isa = PBXBuildFile; fileRef = 111FF5E51E8B0EDE006DA93A /* hamburger@3x.png */; };
		111FF5EC1E8B2551006DA93A /* greenOptBg.png in Resources */ = {isa = PBXBuildFile; fileRef = 111FF5E91E8B2551006DA93A /* greenOptBg.png */; };
		111FF5ED1E8B2551006DA93A /* greenOptBg@2x.png in Resources */ = {isa = PBXBuildFile; fileRef = 111FF5EA1E8B2551006DA93A /* greenOptBg@2x.png */; };
		111FF5EE1E8B2551006DA93A /* greenOptBg@3x.png in Resources */ = {isa = PBXBuildFile; fileRef = 111FF5EB1E8B2551006DA93A /* greenOptBg@3x.png */; };
		111FF5F01E8C3BC8006DA93A /* placeHolder.png in Resources */ = {isa = PBXBuildFile; fileRef = 111FF5EF1E8C3BC8006DA93A /* placeHolder.png */; };
		111FF5F21E8C3C53006DA93A /* golfDefault.png in Resources */ = {isa = PBXBuildFile; fileRef = 111FF5F11E8C3C53006DA93A /* golfDefault.png */; };
		11249AD11E6F5B9900FCCE1B /* FlickrClient.swift in Sources */ = {isa = PBXBuildFile; fileRef = 11249AD01E6F5B9900FCCE1B /* FlickrClient.swift */; };
		11249AD31E6F5BAC00FCCE1B /* FlickrConstants.swift in Sources */ = {isa = PBXBuildFile; fileRef = 11249AD21E6F5BAC00FCCE1B /* FlickrConstants.swift */; };
		11249AD51E6F89FC00FCCE1B /* Photo.swift in Sources */ = {isa = PBXBuildFile; fileRef = 11249AD41E6F89FC00FCCE1B /* Photo.swift */; };
		11249AD71E708A0500FCCE1B /* GoogleClient.swift in Sources */ = {isa = PBXBuildFile; fileRef = 11249AD61E708A0500FCCE1B /* GoogleClient.swift */; };
		11249AD91E708A7B00FCCE1B /* GoogleConstants.swift in Sources */ = {isa = PBXBuildFile; fileRef = 11249AD81E708A7B00FCCE1B /* GoogleConstants.swift */; };
		11249AE01E7241F700FCCE1B /* Home@2x.png in Resources */ = {isa = PBXBuildFile; fileRef = 11249ADA1E7241F700FCCE1B /* Home@2x.png */; };
		11249AE11E7241F700FCCE1B /* Home.png in Resources */ = {isa = PBXBuildFile; fileRef = 11249ADB1E7241F700FCCE1B /* Home.png */; };
		11249AE21E7241F700FCCE1B /* FindCourses.png in Resources */ = {isa = PBXBuildFile; fileRef = 11249ADC1E7241F700FCCE1B /* FindCourses.png */; };
		11249AE31E7241F700FCCE1B /* FindCourses@2x.png in Resources */ = {isa = PBXBuildFile; fileRef = 11249ADD1E7241F700FCCE1B /* FindCourses@2x.png */; };
		11249AE41E7241F700FCCE1B /* CreateGame@2x.png in Resources */ = {isa = PBXBuildFile; fileRef = 11249ADE1E7241F700FCCE1B /* CreateGame@2x.png */; };
		11249AE51E7241F700FCCE1B /* CreateGame.png in Resources */ = {isa = PBXBuildFile; fileRef = 11249ADF1E7241F700FCCE1B /* CreateGame.png */; };
		11249B001E7B8A5F00FCCE1B /* ChatViewController.swift in Sources */ = {isa = PBXBuildFile; fileRef = 11249AFF1E7B8A5F00FCCE1B /* ChatViewController.swift */; };
		112C146F1E568252001E6E18 /* Course.swift in Sources */ = {isa = PBXBuildFile; fileRef = 112C146D1E568252001E6E18 /* Course.swift */; };
		112C14701E568252001E6E18 /* default2.realm in Resources */ = {isa = PBXBuildFile; fileRef = 112C146E1E568252001E6E18 /* default2.realm */; };
		112C14721E57D14F001E6E18 /* ScoreCardController.swift in Sources */ = {isa = PBXBuildFile; fileRef = 112C14711E57D14F001E6E18 /* ScoreCardController.swift */; };
		112C14741E57D3F2001E6E18 /* GridView.swift in Sources */ = {isa = PBXBuildFile; fileRef = 112C14731E57D3F2001E6E18 /* GridView.swift */; };
		112C14761E5A433A001E6E18 /* UserProfileController.swift in Sources */ = {isa = PBXBuildFile; fileRef = 112C14751E5A433A001E6E18 /* UserProfileController.swift */; };
		112C14781E5BA8E0001E6E18 /* EditProfileController.swift in Sources */ = {isa = PBXBuildFile; fileRef = 112C14771E5BA8E0001E6E18 /* EditProfileController.swift */; };
		112C147A1E5BBCCE001E6E18 /* UIViewExtension.swift in Sources */ = {isa = PBXBuildFile; fileRef = 112C14791E5BBCCE001E6E18 /* UIViewExtension.swift */; };
		112C147C1E5C44CF001E6E18 /* TabController.swift in Sources */ = {isa = PBXBuildFile; fileRef = 112C147B1E5C44CF001E6E18 /* TabController.swift */; };
		112C14811E5D0D62001E6E18 /* PlayerProfileController.swift in Sources */ = {isa = PBXBuildFile; fileRef = 112C14801E5D0D62001E6E18 /* PlayerProfileController.swift */; };
		113221791E6A3FAE008E23B3 /* ModalTransitionMediator.swift in Sources */ = {isa = PBXBuildFile; fileRef = 113221781E6A3FAE008E23B3 /* ModalTransitionMediator.swift */; };
		1157CA3F1E49458900BAEE7F /* AppDelegate.swift in Sources */ = {isa = PBXBuildFile; fileRef = 1157CA3E1E49458900BAEE7F /* AppDelegate.swift */; };
		1157CA441E49458900BAEE7F /* Main.storyboard in Resources */ = {isa = PBXBuildFile; fileRef = 1157CA421E49458900BAEE7F /* Main.storyboard */; };
		1157CA471E49458900BAEE7F /* GolfTourney.xcdatamodeld in Sources */ = {isa = PBXBuildFile; fileRef = 1157CA451E49458900BAEE7F /* GolfTourney.xcdatamodeld */; };
		1157CA491E49458900BAEE7F /* Assets.xcassets in Resources */ = {isa = PBXBuildFile; fileRef = 1157CA481E49458900BAEE7F /* Assets.xcassets */; };
		1157CA4C1E49458900BAEE7F /* LaunchScreen.storyboard in Resources */ = {isa = PBXBuildFile; fileRef = 1157CA4A1E49458900BAEE7F /* LaunchScreen.storyboard */; };
		1157CA571E49458A00BAEE7F /* GolfTourneyTests.swift in Sources */ = {isa = PBXBuildFile; fileRef = 1157CA561E49458A00BAEE7F /* GolfTourneyTests.swift */; };
		1157CA621E49458A00BAEE7F /* GolfTourneyUITests.swift in Sources */ = {isa = PBXBuildFile; fileRef = 1157CA611E49458A00BAEE7F /* GolfTourneyUITests.swift */; };
		1157CA701E49486700BAEE7F /* GoogleService-Info.plist in Resources */ = {isa = PBXBuildFile; fileRef = 1157CA6F1E49486700BAEE7F /* GoogleService-Info.plist */; };
		1157CA751E4A996800BAEE7F /* NetworkClient.swift in Sources */ = {isa = PBXBuildFile; fileRef = 1157CA741E4A996800BAEE7F /* NetworkClient.swift */; };
		1157CA771E4A999F00BAEE7F /* User.swift in Sources */ = {isa = PBXBuildFile; fileRef = 1157CA761E4A999F00BAEE7F /* User.swift */; };
		1157CA7A1E4ABDF700BAEE7F /* LoginViewController.swift in Sources */ = {isa = PBXBuildFile; fileRef = 1157CA791E4ABDF700BAEE7F /* LoginViewController.swift */; };
		1157CA7C1E4C112E00BAEE7F /* FindCoursesController.swift in Sources */ = {isa = PBXBuildFile; fileRef = 1157CA7B1E4C112E00BAEE7F /* FindCoursesController.swift */; };
		1157CA7E1E4C127A00BAEE7F /* CourseViewTableCell.swift in Sources */ = {isa = PBXBuildFile; fileRef = 1157CA7D1E4C127A00BAEE7F /* CourseViewTableCell.swift */; };
		1157CA801E4C147B00BAEE7F /* Constants.swift in Sources */ = {isa = PBXBuildFile; fileRef = 1157CA7F1E4C147B00BAEE7F /* Constants.swift */; };
		1157CA841E4CECDC00BAEE7F /* Realm.framework in Frameworks */ = {isa = PBXBuildFile; fileRef = 1157CA831E4CECDC00BAEE7F /* Realm.framework */; };
		1157CA851E4CECDC00BAEE7F /* Realm.framework in Embed Frameworks */ = {isa = PBXBuildFile; fileRef = 1157CA831E4CECDC00BAEE7F /* Realm.framework */; settings = {ATTRIBUTES = (CodeSignOnCopy, RemoveHeadersOnCopy, ); }; };
		1157CA881E4CECE400BAEE7F /* RealmSwift.framework in Frameworks */ = {isa = PBXBuildFile; fileRef = 1157CA871E4CECE400BAEE7F /* RealmSwift.framework */; };
		1157CA891E4CECE400BAEE7F /* RealmSwift.framework in Embed Frameworks */ = {isa = PBXBuildFile; fileRef = 1157CA871E4CECE400BAEE7F /* RealmSwift.framework */; settings = {ATTRIBUTES = (CodeSignOnCopy, RemoveHeadersOnCopy, ); }; };
		1197053B1E52593400687827 /* FindTourneyController.swift in Sources */ = {isa = PBXBuildFile; fileRef = 1197053A1E52593400687827 /* FindTourneyController.swift */; };
		1197053D1E52675E00687827 /* PlayerCollectionCell.swift in Sources */ = {isa = PBXBuildFile; fileRef = 1197053C1E52675E00687827 /* PlayerCollectionCell.swift */; };
		119705411E526C8C00687827 /* CreateGameController.swift in Sources */ = {isa = PBXBuildFile; fileRef = 119705401E526C8C00687827 /* CreateGameController.swift */; };
		119E37D51E83487100D3DCD1 /* ScoreViewController.swift in Sources */ = {isa = PBXBuildFile; fileRef = 119E37D41E83487100D3DCD1 /* ScoreViewController.swift */; };
		119E37D71E835B7A00D3DCD1 /* ChatController.swift in Sources */ = {isa = PBXBuildFile; fileRef = 119E37D61E835B7A00D3DCD1 /* ChatController.swift */; };
		11DCFC611E4E3CB20054DB04 /* CourseGameViewController.swift in Sources */ = {isa = PBXBuildFile; fileRef = 11DCFC601E4E3CB20054DB04 /* CourseGameViewController.swift */; };
		11DCFC691E4E54D70054DB04 /* GameModel.swift in Sources */ = {isa = PBXBuildFile; fileRef = 11DCFC681E4E54D70054DB04 /* GameModel.swift */; };
		11DCFC6D1E4E5FDA0054DB04 /* GameViewController.swift in Sources */ = {isa = PBXBuildFile; fileRef = 11DCFC6C1E4E5FDA0054DB04 /* GameViewController.swift */; };
		11DCFC701E4E66150054DB04 /* PlayerTableCell.swift in Sources */ = {isa = PBXBuildFile; fileRef = 11DCFC6F1E4E66150054DB04 /* PlayerTableCell.swift */; };
		11DCFC721E4E66870054DB04 /* PlayerModel.swift in Sources */ = {isa = PBXBuildFile; fileRef = 11DCFC711E4E66870054DB04 /* PlayerModel.swift */; };
		11DCFC741E4E70170054DB04 /* GameCell.swift in Sources */ = {isa = PBXBuildFile; fileRef = 11DCFC731E4E70170054DB04 /* GameCell.swift */; };
		8B9C1AD3699BA5F9FA2039E3 /* Pods_GolfTourneyUITests.framework in Frameworks */ = {isa = PBXBuildFile; fileRef = CBC98D52C437540F1C906819 /* Pods_GolfTourneyUITests.framework */; };
		BC021B70A16A6BDE2DD84312 /* Pods_GolfTourneyTests.framework in Frameworks */ = {isa = PBXBuildFile; fileRef = B9926D5FCC78AEF8505149D0 /* Pods_GolfTourneyTests.framework */; };
		FCE6C7B97CE74AC84273A56D /* Pods_GolfTourney.framework in Frameworks */ = {isa = PBXBuildFile; fileRef = 6915826033E9DED2AB855FB6 /* Pods_GolfTourney.framework */; };
/* End PBXBuildFile section */

/* Begin PBXContainerItemProxy section */
		1157CA531E49458A00BAEE7F /* PBXContainerItemProxy */ = {
			isa = PBXContainerItemProxy;
			containerPortal = 1157CA331E49458900BAEE7F /* Project object */;
			proxyType = 1;
			remoteGlobalIDString = 1157CA3A1E49458900BAEE7F;
			remoteInfo = GolfTourney;
		};
		1157CA5E1E49458A00BAEE7F /* PBXContainerItemProxy */ = {
			isa = PBXContainerItemProxy;
			containerPortal = 1157CA331E49458900BAEE7F /* Project object */;
			proxyType = 1;
			remoteGlobalIDString = 1157CA3A1E49458900BAEE7F;
			remoteInfo = GolfTourney;
		};
/* End PBXContainerItemProxy section */

/* Begin PBXCopyFilesBuildPhase section */
		1157CA861E4CECDC00BAEE7F /* Embed Frameworks */ = {
			isa = PBXCopyFilesBuildPhase;
			buildActionMask = 2147483647;
			dstPath = "";
			dstSubfolderSpec = 10;
			files = (
				1157CA891E4CECE400BAEE7F /* RealmSwift.framework in Embed Frameworks */,
				1157CA851E4CECDC00BAEE7F /* Realm.framework in Embed Frameworks */,
			);
			name = "Embed Frameworks";
			runOnlyForDeploymentPostprocessing = 0;
		};
/* End PBXCopyFilesBuildPhase section */

/* Begin PBXFileReference section */
		0F25F3DF706874C8406AE141 /* Pods-GolfTourney.debug.xcconfig */ = {isa = PBXFileReference; includeInIndex = 1; lastKnownFileType = text.xcconfig; name = "Pods-GolfTourney.debug.xcconfig"; path = "Pods/Target Support Files/Pods-GolfTourney/Pods-GolfTourney.debug.xcconfig"; sourceTree = "<group>"; };
		111FF5691E89CD18006DA93A /* FeaturedGamesController.swift */ = {isa = PBXFileReference; fileEncoding = 4; lastKnownFileType = sourcecode.swift; path = FeaturedGamesController.swift; sourceTree = "<group>"; };
		111FF56B1E89D14E006DA93A /* SideBarContainerController.swift */ = {isa = PBXFileReference; fileEncoding = 4; lastKnownFileType = sourcecode.swift; path = SideBarContainerController.swift; sourceTree = "<group>"; };
		111FF56D1E89D44D006DA93A /* SideBarController.swift */ = {isa = PBXFileReference; fileEncoding = 4; lastKnownFileType = sourcecode.swift; path = SideBarController.swift; sourceTree = "<group>"; };
		111FF56F1E89DFB1006DA93A /* GolfGrass@2x.png */ = {isa = PBXFileReference; lastKnownFileType = image.png; path = "GolfGrass@2x.png"; sourceTree = "<group>"; };
		111FF5701E89DFB1006DA93A /* GolfGrass@3x.png */ = {isa = PBXFileReference; lastKnownFileType = image.png; path = "GolfGrass@3x.png"; sourceTree = "<group>"; };
		111FF5711E89DFB1006DA93A /* GolfGrass.png */ = {isa = PBXFileReference; lastKnownFileType = image.png; path = GolfGrass.png; sourceTree = "<group>"; };
		111FF5761E89E6AE006DA93A /* slide_option_3@3x.png */ = {isa = PBXFileReference; lastKnownFileType = image.png; path = "slide_option_3@3x.png"; sourceTree = "<group>"; };
		111FF5771E89E6AE006DA93A /* slideLogOutButton.png */ = {isa = PBXFileReference; lastKnownFileType = image.png; path = slideLogOutButton.png; sourceTree = "<group>"; };
		111FF5781E89E6AE006DA93A /* slideLogOutButton@2x.png */ = {isa = PBXFileReference; lastKnownFileType = image.png; path = "slideLogOutButton@2x.png"; sourceTree = "<group>"; };
		111FF5791E89E6AE006DA93A /* slideLogOutButton@3x.png */ = {isa = PBXFileReference; lastKnownFileType = image.png; path = "slideLogOutButton@3x.png"; sourceTree = "<group>"; };
		111FF57A1E89E6AE006DA93A /* slide_option_1.png */ = {isa = PBXFileReference; lastKnownFileType = image.png; path = slide_option_1.png; sourceTree = "<group>"; };
		111FF57B1E89E6AE006DA93A /* slide_option_1@2x.png */ = {isa = PBXFileReference; lastKnownFileType = image.png; path = "slide_option_1@2x.png"; sourceTree = "<group>"; };
		111FF57C1E89E6AE006DA93A /* slide_option_1@3x.png */ = {isa = PBXFileReference; lastKnownFileType = image.png; path = "slide_option_1@3x.png"; sourceTree = "<group>"; };
		111FF57D1E89E6AE006DA93A /* slide_option_2.png */ = {isa = PBXFileReference; lastKnownFileType = image.png; path = slide_option_2.png; sourceTree = "<group>"; };
		111FF57E1E89E6AE006DA93A /* slide_option_2@2x.png */ = {isa = PBXFileReference; lastKnownFileType = image.png; path = "slide_option_2@2x.png"; sourceTree = "<group>"; };
		111FF57F1E89E6AE006DA93A /* slide_option_2@3x.png */ = {isa = PBXFileReference; lastKnownFileType = image.png; path = "slide_option_2@3x.png"; sourceTree = "<group>"; };
		111FF5801E89E6AE006DA93A /* slide_option_3.png */ = {isa = PBXFileReference; lastKnownFileType = image.png; path = slide_option_3.png; sourceTree = "<group>"; };
		111FF5811E89E6AE006DA93A /* slide_option_3@2x.png */ = {isa = PBXFileReference; lastKnownFileType = image.png; path = "slide_option_3@2x.png"; sourceTree = "<group>"; };
		111FF5821E89E6AE006DA93A /* slidePicFrame.png */ = {isa = PBXFileReference; lastKnownFileType = image.png; path = slidePicFrame.png; sourceTree = "<group>"; };
		111FF5831E89E6AE006DA93A /* slidePicFrame@2x.png */ = {isa = PBXFileReference; lastKnownFileType = image.png; path = "slidePicFrame@2x.png"; sourceTree = "<group>"; };
		111FF5841E89E6AE006DA93A /* slidePicFrame@3x.png */ = {isa = PBXFileReference; lastKnownFileType = image.png; path = "slidePicFrame@3x.png"; sourceTree = "<group>"; };
		111FF5851E89E6AE006DA93A /* slideBackDrop@2x.png */ = {isa = PBXFileReference; lastKnownFileType = image.png; path = "slideBackDrop@2x.png"; sourceTree = "<group>"; };
		111FF5861E89E6AE006DA93A /* slideBackDrop@3x.png */ = {isa = PBXFileReference; lastKnownFileType = image.png; path = "slideBackDrop@3x.png"; sourceTree = "<group>"; };
		111FF5871E89E6AE006DA93A /* slideBackDrop.png */ = {isa = PBXFileReference; lastKnownFileType = image.png; path = slideBackDrop.png; sourceTree = "<group>"; };
		111FF59A1E89EB53006DA93A /* slide_option3Grouped.png */ = {isa = PBXFileReference; lastKnownFileType = image.png; path = slide_option3Grouped.png; sourceTree = "<group>"; };
		111FF59B1E89EB53006DA93A /* slide_option3Grouped@2x.png */ = {isa = PBXFileReference; lastKnownFileType = image.png; path = "slide_option3Grouped@2x.png"; sourceTree = "<group>"; };
		111FF59C1E89EB53006DA93A /* slide_option3Grouped@3x.png */ = {isa = PBXFileReference; lastKnownFileType = image.png; path = "slide_option3Grouped@3x.png"; sourceTree = "<group>"; };
		111FF5A61E89EBE2006DA93A /* logout.png */ = {isa = PBXFileReference; lastKnownFileType = image.png; path = logout.png; sourceTree = "<group>"; };
		111FF5A71E89EBE2006DA93A /* logout@2x.png */ = {isa = PBXFileReference; lastKnownFileType = image.png; path = "logout@2x.png"; sourceTree = "<group>"; };
		111FF5A81E89EBE2006DA93A /* logout@3x.png */ = {isa = PBXFileReference; lastKnownFileType = image.png; path = "logout@3x.png"; sourceTree = "<group>"; };
		111FF5B21E89ED1A006DA93A /* slide_option2.png */ = {isa = PBXFileReference; lastKnownFileType = image.png; path = slide_option2.png; sourceTree = "<group>"; };
		111FF5B31E89ED1A006DA93A /* slide_option2@2x.png */ = {isa = PBXFileReference; lastKnownFileType = image.png; path = "slide_option2@2x.png"; sourceTree = "<group>"; };
		111FF5B41E89ED1A006DA93A /* slide_option2@3x.png */ = {isa = PBXFileReference; lastKnownFileType = image.png; path = "slide_option2@3x.png"; sourceTree = "<group>"; };
		111FF5B81E89EDAA006DA93A /* currentGamesOption.png */ = {isa = PBXFileReference; lastKnownFileType = image.png; path = currentGamesOption.png; sourceTree = "<group>"; };
		111FF5B91E89EDAA006DA93A /* currentGamesOption@2x.png */ = {isa = PBXFileReference; lastKnownFileType = image.png; path = "currentGamesOption@2x.png"; sourceTree = "<group>"; };
		111FF5BA1E89EDAA006DA93A /* currentGamesOption@3x.png */ = {isa = PBXFileReference; lastKnownFileType = image.png; path = "currentGamesOption@3x.png"; sourceTree = "<group>"; };
		111FF5BF1E8A0E94006DA93A /* imageBg.png */ = {isa = PBXFileReference; lastKnownFileType = image.png; path = imageBg.png; sourceTree = "<group>"; };
		111FF5C01E8A0E94006DA93A /* imageBg@2x.png */ = {isa = PBXFileReference; lastKnownFileType = image.png; path = "imageBg@2x.png"; sourceTree = "<group>"; };
		111FF5C11E8A0E94006DA93A /* imageBg@3x.png */ = {isa = PBXFileReference; lastKnownFileType = image.png; path = "imageBg@3x.png"; sourceTree = "<group>"; };
		111FF5C21E8A0E94006DA93A /* gameBotBg.png */ = {isa = PBXFileReference; lastKnownFileType = image.png; path = gameBotBg.png; sourceTree = "<group>"; };
		111FF5C31E8A0E94006DA93A /* gameBotBg@2x.png */ = {isa = PBXFileReference; lastKnownFileType = image.png; path = "gameBotBg@2x.png"; sourceTree = "<group>"; };
		111FF5C41E8A0E94006DA93A /* gameBotBg@3x.png */ = {isa = PBXFileReference; lastKnownFileType = image.png; path = "gameBotBg@3x.png"; sourceTree = "<group>"; };
		111FF5CB1E8A0E9F006DA93A /* courseCellMaskTop@1x.png */ = {isa = PBXFileReference; lastKnownFileType = image.png; path = "courseCellMaskTop@1x.png"; sourceTree = "<group>"; };
		111FF5CC1E8A0E9F006DA93A /* courseCellMaskTop@2x.png */ = {isa = PBXFileReference; lastKnownFileType = image.png; path = "courseCellMaskTop@2x.png"; sourceTree = "<group>"; };
		111FF5CD1E8A0E9F006DA93A /* courseCellMaskTop@3x.png */ = {isa = PBXFileReference; lastKnownFileType = image.png; path = "courseCellMaskTop@3x.png"; sourceTree = "<group>"; };
		111FF5D11E8A1013006DA93A /* peopleIcon.png */ = {isa = PBXFileReference; lastKnownFileType = image.png; path = peopleIcon.png; sourceTree = "<group>"; };
		111FF5D21E8A1013006DA93A /* peopleIcon@2x.png */ = {isa = PBXFileReference; lastKnownFileType = image.png; path = "peopleIcon@2x.png"; sourceTree = "<group>"; };
		111FF5D31E8A1013006DA93A /* peopleIcon@3x.png */ = {isa = PBXFileReference; lastKnownFileType = image.png; path = "peopleIcon@3x.png"; sourceTree = "<group>"; };
		111FF5D71E8A1073006DA93A /* blueOptBg.png */ = {isa = PBXFileReference; lastKnownFileType = image.png; path = blueOptBg.png; sourceTree = "<group>"; };
		111FF5D81E8A1073006DA93A /* blueOptBg@2x.png */ = {isa = PBXFileReference; lastKnownFileType = image.png; path = "blueOptBg@2x.png"; sourceTree = "<group>"; };
		111FF5D91E8A1073006DA93A /* blueOptBg@3x.png */ = {isa = PBXFileReference; lastKnownFileType = image.png; path = "blueOptBg@3x.png"; sourceTree = "<group>"; };
		111FF5E31E8B0EDE006DA93A /* hamburger.png */ = {isa = PBXFileReference; lastKnownFileType = image.png; path = hamburger.png; sourceTree = "<group>"; };
		111FF5E41E8B0EDE006DA93A /* hamburger@2x.png */ = {isa = PBXFileReference; lastKnownFileType = image.png; path = "hamburger@2x.png"; sourceTree = "<group>"; };
		111FF5E51E8B0EDE006DA93A /* hamburger@3x.png */ = {isa = PBXFileReference; lastKnownFileType = image.png; path = "hamburger@3x.png"; sourceTree = "<group>"; };
		111FF5E91E8B2551006DA93A /* greenOptBg.png */ = {isa = PBXFileReference; lastKnownFileType = image.png; path = greenOptBg.png; sourceTree = "<group>"; };
		111FF5EA1E8B2551006DA93A /* greenOptBg@2x.png */ = {isa = PBXFileReference; lastKnownFileType = image.png; path = "greenOptBg@2x.png"; sourceTree = "<group>"; };
		111FF5EB1E8B2551006DA93A /* greenOptBg@3x.png */ = {isa = PBXFileReference; lastKnownFileType = image.png; path = "greenOptBg@3x.png"; sourceTree = "<group>"; };
		111FF5EF1E8C3BC8006DA93A /* placeHolder.png */ = {isa = PBXFileReference; lastKnownFileType = image.png; path = placeHolder.png; sourceTree = "<group>"; };
		111FF5F11E8C3C53006DA93A /* golfDefault.png */ = {isa = PBXFileReference; lastKnownFileType = image.png; path = golfDefault.png; sourceTree = "<group>"; };
		11249AD01E6F5B9900FCCE1B /* FlickrClient.swift */ = {isa = PBXFileReference; fileEncoding = 4; lastKnownFileType = sourcecode.swift; path = FlickrClient.swift; sourceTree = "<group>"; };
		11249AD21E6F5BAC00FCCE1B /* FlickrConstants.swift */ = {isa = PBXFileReference; fileEncoding = 4; lastKnownFileType = sourcecode.swift; path = FlickrConstants.swift; sourceTree = "<group>"; };
		11249AD41E6F89FC00FCCE1B /* Photo.swift */ = {isa = PBXFileReference; fileEncoding = 4; lastKnownFileType = sourcecode.swift; path = Photo.swift; sourceTree = "<group>"; };
		11249AD61E708A0500FCCE1B /* GoogleClient.swift */ = {isa = PBXFileReference; fileEncoding = 4; lastKnownFileType = sourcecode.swift; path = GoogleClient.swift; sourceTree = "<group>"; };
		11249AD81E708A7B00FCCE1B /* GoogleConstants.swift */ = {isa = PBXFileReference; fileEncoding = 4; lastKnownFileType = sourcecode.swift; path = GoogleConstants.swift; sourceTree = "<group>"; };
		11249ADA1E7241F700FCCE1B /* Home@2x.png */ = {isa = PBXFileReference; lastKnownFileType = image.png; path = "Home@2x.png"; sourceTree = "<group>"; };
		11249ADB1E7241F700FCCE1B /* Home.png */ = {isa = PBXFileReference; lastKnownFileType = image.png; path = Home.png; sourceTree = "<group>"; };
		11249ADC1E7241F700FCCE1B /* FindCourses.png */ = {isa = PBXFileReference; lastKnownFileType = image.png; path = FindCourses.png; sourceTree = "<group>"; };
		11249ADD1E7241F700FCCE1B /* FindCourses@2x.png */ = {isa = PBXFileReference; lastKnownFileType = image.png; path = "FindCourses@2x.png"; sourceTree = "<group>"; };
		11249ADE1E7241F700FCCE1B /* CreateGame@2x.png */ = {isa = PBXFileReference; lastKnownFileType = image.png; path = "CreateGame@2x.png"; sourceTree = "<group>"; };
		11249ADF1E7241F700FCCE1B /* CreateGame.png */ = {isa = PBXFileReference; lastKnownFileType = image.png; path = CreateGame.png; sourceTree = "<group>"; };
		11249AFF1E7B8A5F00FCCE1B /* ChatViewController.swift */ = {isa = PBXFileReference; fileEncoding = 4; lastKnownFileType = sourcecode.swift; path = ChatViewController.swift; sourceTree = "<group>"; };
		112C146D1E568252001E6E18 /* Course.swift */ = {isa = PBXFileReference; fileEncoding = 4; lastKnownFileType = sourcecode.swift; path = Course.swift; sourceTree = "<group>"; };
		112C146E1E568252001E6E18 /* default2.realm */ = {isa = PBXFileReference; lastKnownFileType = file; name = default2.realm; path = GolfTourney/default2.realm; sourceTree = "<group>"; };
		112C14711E57D14F001E6E18 /* ScoreCardController.swift */ = {isa = PBXFileReference; fileEncoding = 4; lastKnownFileType = sourcecode.swift; path = ScoreCardController.swift; sourceTree = "<group>"; };
		112C14731E57D3F2001E6E18 /* GridView.swift */ = {isa = PBXFileReference; fileEncoding = 4; lastKnownFileType = sourcecode.swift; path = GridView.swift; sourceTree = "<group>"; };
		112C14751E5A433A001E6E18 /* UserProfileController.swift */ = {isa = PBXFileReference; fileEncoding = 4; lastKnownFileType = sourcecode.swift; path = UserProfileController.swift; sourceTree = "<group>"; };
		112C14771E5BA8E0001E6E18 /* EditProfileController.swift */ = {isa = PBXFileReference; fileEncoding = 4; lastKnownFileType = sourcecode.swift; path = EditProfileController.swift; sourceTree = "<group>"; };
		112C14791E5BBCCE001E6E18 /* UIViewExtension.swift */ = {isa = PBXFileReference; fileEncoding = 4; lastKnownFileType = sourcecode.swift; path = UIViewExtension.swift; sourceTree = "<group>"; };
		112C147B1E5C44CF001E6E18 /* TabController.swift */ = {isa = PBXFileReference; fileEncoding = 4; lastKnownFileType = sourcecode.swift; path = TabController.swift; sourceTree = "<group>"; };
		112C14801E5D0D62001E6E18 /* PlayerProfileController.swift */ = {isa = PBXFileReference; fileEncoding = 4; lastKnownFileType = sourcecode.swift; path = PlayerProfileController.swift; sourceTree = "<group>"; };
		113221781E6A3FAE008E23B3 /* ModalTransitionMediator.swift */ = {isa = PBXFileReference; fileEncoding = 4; lastKnownFileType = sourcecode.swift; path = ModalTransitionMediator.swift; sourceTree = "<group>"; };
		1157CA3B1E49458900BAEE7F /* GolfTourney.app */ = {isa = PBXFileReference; explicitFileType = wrapper.application; includeInIndex = 0; path = GolfTourney.app; sourceTree = BUILT_PRODUCTS_DIR; };
		1157CA3E1E49458900BAEE7F /* AppDelegate.swift */ = {isa = PBXFileReference; lastKnownFileType = sourcecode.swift; path = AppDelegate.swift; sourceTree = "<group>"; };
		1157CA431E49458900BAEE7F /* Base */ = {isa = PBXFileReference; lastKnownFileType = file.storyboard; name = Base; path = Base.lproj/Main.storyboard; sourceTree = "<group>"; };
		1157CA461E49458900BAEE7F /* GolfTourney.xcdatamodel */ = {isa = PBXFileReference; lastKnownFileType = wrapper.xcdatamodel; path = GolfTourney.xcdatamodel; sourceTree = "<group>"; };
		1157CA481E49458900BAEE7F /* Assets.xcassets */ = {isa = PBXFileReference; lastKnownFileType = folder.assetcatalog; name = Assets.xcassets; path = GolfTourney/Assets.xcassets; sourceTree = "<group>"; };
		1157CA4B1E49458900BAEE7F /* Base */ = {isa = PBXFileReference; lastKnownFileType = file.storyboard; name = Base; path = Base.lproj/LaunchScreen.storyboard; sourceTree = "<group>"; };
		1157CA4D1E49458900BAEE7F /* Info.plist */ = {isa = PBXFileReference; lastKnownFileType = text.plist.xml; path = Info.plist; sourceTree = "<group>"; };
		1157CA521E49458A00BAEE7F /* GolfTourneyTests.xctest */ = {isa = PBXFileReference; explicitFileType = wrapper.cfbundle; includeInIndex = 0; path = GolfTourneyTests.xctest; sourceTree = BUILT_PRODUCTS_DIR; };
		1157CA561E49458A00BAEE7F /* GolfTourneyTests.swift */ = {isa = PBXFileReference; lastKnownFileType = sourcecode.swift; path = GolfTourneyTests.swift; sourceTree = "<group>"; };
		1157CA581E49458A00BAEE7F /* Info.plist */ = {isa = PBXFileReference; lastKnownFileType = text.plist.xml; path = Info.plist; sourceTree = "<group>"; };
		1157CA5D1E49458A00BAEE7F /* GolfTourneyUITests.xctest */ = {isa = PBXFileReference; explicitFileType = wrapper.cfbundle; includeInIndex = 0; path = GolfTourneyUITests.xctest; sourceTree = BUILT_PRODUCTS_DIR; };
		1157CA611E49458A00BAEE7F /* GolfTourneyUITests.swift */ = {isa = PBXFileReference; lastKnownFileType = sourcecode.swift; path = GolfTourneyUITests.swift; sourceTree = "<group>"; };
		1157CA631E49458A00BAEE7F /* Info.plist */ = {isa = PBXFileReference; lastKnownFileType = text.plist.xml; path = Info.plist; sourceTree = "<group>"; };
		1157CA6F1E49486700BAEE7F /* GoogleService-Info.plist */ = {isa = PBXFileReference; fileEncoding = 4; lastKnownFileType = text.plist.xml; path = "GoogleService-Info.plist"; sourceTree = "<group>"; };
		1157CA741E4A996800BAEE7F /* NetworkClient.swift */ = {isa = PBXFileReference; fileEncoding = 4; lastKnownFileType = sourcecode.swift; path = NetworkClient.swift; sourceTree = "<group>"; };
		1157CA761E4A999F00BAEE7F /* User.swift */ = {isa = PBXFileReference; fileEncoding = 4; lastKnownFileType = sourcecode.swift; path = User.swift; sourceTree = "<group>"; };
		1157CA781E4AA5BF00BAEE7F /* Bridgin-Header.h */ = {isa = PBXFileReference; lastKnownFileType = sourcecode.c.h; path = "Bridgin-Header.h"; sourceTree = "<group>"; };
		1157CA791E4ABDF700BAEE7F /* LoginViewController.swift */ = {isa = PBXFileReference; fileEncoding = 4; lastKnownFileType = sourcecode.swift; path = LoginViewController.swift; sourceTree = "<group>"; };
		1157CA7B1E4C112E00BAEE7F /* FindCoursesController.swift */ = {isa = PBXFileReference; fileEncoding = 4; lastKnownFileType = sourcecode.swift; path = FindCoursesController.swift; sourceTree = "<group>"; };
		1157CA7D1E4C127A00BAEE7F /* CourseViewTableCell.swift */ = {isa = PBXFileReference; fileEncoding = 4; lastKnownFileType = sourcecode.swift; path = CourseViewTableCell.swift; sourceTree = "<group>"; };
		1157CA7F1E4C147B00BAEE7F /* Constants.swift */ = {isa = PBXFileReference; fileEncoding = 4; lastKnownFileType = sourcecode.swift; path = Constants.swift; sourceTree = "<group>"; };
		1157CA831E4CECDC00BAEE7F /* Realm.framework */ = {isa = PBXFileReference; lastKnownFileType = wrapper.framework; path = Realm.framework; sourceTree = "<group>"; };
		1157CA871E4CECE400BAEE7F /* RealmSwift.framework */ = {isa = PBXFileReference; lastKnownFileType = wrapper.framework; path = RealmSwift.framework; sourceTree = "<group>"; };
		1197053A1E52593400687827 /* FindTourneyController.swift */ = {isa = PBXFileReference; fileEncoding = 4; lastKnownFileType = sourcecode.swift; path = FindTourneyController.swift; sourceTree = "<group>"; };
		1197053C1E52675E00687827 /* PlayerCollectionCell.swift */ = {isa = PBXFileReference; fileEncoding = 4; lastKnownFileType = sourcecode.swift; path = PlayerCollectionCell.swift; sourceTree = "<group>"; };
		119705401E526C8C00687827 /* CreateGameController.swift */ = {isa = PBXFileReference; fileEncoding = 4; lastKnownFileType = sourcecode.swift; path = CreateGameController.swift; sourceTree = "<group>"; };
		119705E81E52743900687827 /* JTAppleCalendar.framework */ = {isa = PBXFileReference; lastKnownFileType = wrapper.framework; name = JTAppleCalendar.framework; path = "../../Developer/Xcode/DerivedData/GolfTourney-buksvpaxtgomelfmctcqqrpbdiya/Build/Products/Debug-iphonesimulator/JTAppleCalendar/JTAppleCalendar.framework"; sourceTree = "<group>"; };
		119E37D41E83487100D3DCD1 /* ScoreViewController.swift */ = {isa = PBXFileReference; fileEncoding = 4; lastKnownFileType = sourcecode.swift; path = ScoreViewController.swift; sourceTree = "<group>"; };
		119E37D61E835B7A00D3DCD1 /* ChatController.swift */ = {isa = PBXFileReference; fileEncoding = 4; lastKnownFileType = sourcecode.swift; path = ChatController.swift; sourceTree = "<group>"; };
		11DCFC601E4E3CB20054DB04 /* CourseGameViewController.swift */ = {isa = PBXFileReference; fileEncoding = 4; lastKnownFileType = sourcecode.swift; path = CourseGameViewController.swift; sourceTree = "<group>"; };
		11DCFC681E4E54D70054DB04 /* GameModel.swift */ = {isa = PBXFileReference; fileEncoding = 4; lastKnownFileType = sourcecode.swift; path = GameModel.swift; sourceTree = "<group>"; };
		11DCFC6C1E4E5FDA0054DB04 /* GameViewController.swift */ = {isa = PBXFileReference; fileEncoding = 4; lastKnownFileType = sourcecode.swift; path = GameViewController.swift; sourceTree = "<group>"; };
		11DCFC6F1E4E66150054DB04 /* PlayerTableCell.swift */ = {isa = PBXFileReference; fileEncoding = 4; lastKnownFileType = sourcecode.swift; path = PlayerTableCell.swift; sourceTree = "<group>"; };
		11DCFC711E4E66870054DB04 /* PlayerModel.swift */ = {isa = PBXFileReference; fileEncoding = 4; lastKnownFileType = sourcecode.swift; path = PlayerModel.swift; sourceTree = "<group>"; };
		11DCFC731E4E70170054DB04 /* GameCell.swift */ = {isa = PBXFileReference; fileEncoding = 4; lastKnownFileType = sourcecode.swift; path = GameCell.swift; sourceTree = "<group>"; };
		13790FB63C4F5942DC8C399D /* Pods-GolfTourney.release.xcconfig */ = {isa = PBXFileReference; includeInIndex = 1; lastKnownFileType = text.xcconfig; name = "Pods-GolfTourney.release.xcconfig"; path = "Pods/Target Support Files/Pods-GolfTourney/Pods-GolfTourney.release.xcconfig"; sourceTree = "<group>"; };
		1AA64BEDF404463B1BE0D8B0 /* Pods-GolfTourneyUITests.release.xcconfig */ = {isa = PBXFileReference; includeInIndex = 1; lastKnownFileType = text.xcconfig; name = "Pods-GolfTourneyUITests.release.xcconfig"; path = "Pods/Target Support Files/Pods-GolfTourneyUITests/Pods-GolfTourneyUITests.release.xcconfig"; sourceTree = "<group>"; };
		2EDC026E38271C44BB405911 /* Pods-GolfTourneyTests.debug.xcconfig */ = {isa = PBXFileReference; includeInIndex = 1; lastKnownFileType = text.xcconfig; name = "Pods-GolfTourneyTests.debug.xcconfig"; path = "Pods/Target Support Files/Pods-GolfTourneyTests/Pods-GolfTourneyTests.debug.xcconfig"; sourceTree = "<group>"; };
		32D1711E24021EB1CD9D822F /* Pods-GolfTourneyUITests.debug.xcconfig */ = {isa = PBXFileReference; includeInIndex = 1; lastKnownFileType = text.xcconfig; name = "Pods-GolfTourneyUITests.debug.xcconfig"; path = "Pods/Target Support Files/Pods-GolfTourneyUITests/Pods-GolfTourneyUITests.debug.xcconfig"; sourceTree = "<group>"; };
		6915826033E9DED2AB855FB6 /* Pods_GolfTourney.framework */ = {isa = PBXFileReference; explicitFileType = wrapper.framework; includeInIndex = 0; path = Pods_GolfTourney.framework; sourceTree = BUILT_PRODUCTS_DIR; };
		B9926D5FCC78AEF8505149D0 /* Pods_GolfTourneyTests.framework */ = {isa = PBXFileReference; explicitFileType = wrapper.framework; includeInIndex = 0; path = Pods_GolfTourneyTests.framework; sourceTree = BUILT_PRODUCTS_DIR; };
		CBC98D52C437540F1C906819 /* Pods_GolfTourneyUITests.framework */ = {isa = PBXFileReference; explicitFileType = wrapper.framework; includeInIndex = 0; path = Pods_GolfTourneyUITests.framework; sourceTree = BUILT_PRODUCTS_DIR; };
		ED2022B515F1D4FD2867C79C /* Pods-GolfTourneyTests.release.xcconfig */ = {isa = PBXFileReference; includeInIndex = 1; lastKnownFileType = text.xcconfig; name = "Pods-GolfTourneyTests.release.xcconfig"; path = "Pods/Target Support Files/Pods-GolfTourneyTests/Pods-GolfTourneyTests.release.xcconfig"; sourceTree = "<group>"; };
/* End PBXFileReference section */

/* Begin PBXFrameworksBuildPhase section */
		1157CA381E49458900BAEE7F /* Frameworks */ = {
			isa = PBXFrameworksBuildPhase;
			buildActionMask = 2147483647;
			files = (
				1157CA841E4CECDC00BAEE7F /* Realm.framework in Frameworks */,
				FCE6C7B97CE74AC84273A56D /* Pods_GolfTourney.framework in Frameworks */,
				1157CA881E4CECE400BAEE7F /* RealmSwift.framework in Frameworks */,
			);
			runOnlyForDeploymentPostprocessing = 0;
		};
		1157CA4F1E49458A00BAEE7F /* Frameworks */ = {
			isa = PBXFrameworksBuildPhase;
			buildActionMask = 2147483647;
			files = (
				BC021B70A16A6BDE2DD84312 /* Pods_GolfTourneyTests.framework in Frameworks */,
			);
			runOnlyForDeploymentPostprocessing = 0;
		};
		1157CA5A1E49458A00BAEE7F /* Frameworks */ = {
			isa = PBXFrameworksBuildPhase;
			buildActionMask = 2147483647;
			files = (
				8B9C1AD3699BA5F9FA2039E3 /* Pods_GolfTourneyUITests.framework in Frameworks */,
			);
			runOnlyForDeploymentPostprocessing = 0;
		};
/* End PBXFrameworksBuildPhase section */

/* Begin PBXGroup section */
		111FF5751E89E69E006DA93A /* SlideBar */ = {
			isa = PBXGroup;
			children = (
				111FF5B21E89ED1A006DA93A /* slide_option2.png */,
				111FF5B31E89ED1A006DA93A /* slide_option2@2x.png */,
				111FF5B41E89ED1A006DA93A /* slide_option2@3x.png */,
				111FF5B81E89EDAA006DA93A /* currentGamesOption.png */,
				111FF5B91E89EDAA006DA93A /* currentGamesOption@2x.png */,
				111FF5BA1E89EDAA006DA93A /* currentGamesOption@3x.png */,
				111FF5A61E89EBE2006DA93A /* logout.png */,
				111FF5A71E89EBE2006DA93A /* logout@2x.png */,
				111FF5A81E89EBE2006DA93A /* logout@3x.png */,
				111FF5761E89E6AE006DA93A /* slide_option_3@3x.png */,
				111FF5771E89E6AE006DA93A /* slideLogOutButton.png */,
				111FF5781E89E6AE006DA93A /* slideLogOutButton@2x.png */,
				111FF5791E89E6AE006DA93A /* slideLogOutButton@3x.png */,
				111FF57A1E89E6AE006DA93A /* slide_option_1.png */,
				111FF57B1E89E6AE006DA93A /* slide_option_1@2x.png */,
				111FF57C1E89E6AE006DA93A /* slide_option_1@3x.png */,
				111FF57D1E89E6AE006DA93A /* slide_option_2.png */,
				111FF57E1E89E6AE006DA93A /* slide_option_2@2x.png */,
				111FF57F1E89E6AE006DA93A /* slide_option_2@3x.png */,
				111FF5801E89E6AE006DA93A /* slide_option_3.png */,
				111FF5811E89E6AE006DA93A /* slide_option_3@2x.png */,
				111FF5821E89E6AE006DA93A /* slidePicFrame.png */,
				111FF5831E89E6AE006DA93A /* slidePicFrame@2x.png */,
				111FF5841E89E6AE006DA93A /* slidePicFrame@3x.png */,
				111FF5851E89E6AE006DA93A /* slideBackDrop@2x.png */,
				111FF5861E89E6AE006DA93A /* slideBackDrop@3x.png */,
				111FF5871E89E6AE006DA93A /* slideBackDrop.png */,
			);
			name = SlideBar;
			sourceTree = "<group>";
		};
		111FF5BE1E8A0DB7006DA93A /* GameCell */ = {
			isa = PBXGroup;
			children = (
				111FF5E91E8B2551006DA93A /* greenOptBg.png */,
				111FF5EA1E8B2551006DA93A /* greenOptBg@2x.png */,
				111FF5EB1E8B2551006DA93A /* greenOptBg@3x.png */,
				111FF5D71E8A1073006DA93A /* blueOptBg.png */,
				111FF5D81E8A1073006DA93A /* blueOptBg@2x.png */,
				111FF5D91E8A1073006DA93A /* blueOptBg@3x.png */,
				111FF5CB1E8A0E9F006DA93A /* courseCellMaskTop@1x.png */,
				111FF5CC1E8A0E9F006DA93A /* courseCellMaskTop@2x.png */,
				111FF5CD1E8A0E9F006DA93A /* courseCellMaskTop@3x.png */,
				111FF5BF1E8A0E94006DA93A /* imageBg.png */,
				111FF5C01E8A0E94006DA93A /* imageBg@2x.png */,
				111FF5C11E8A0E94006DA93A /* imageBg@3x.png */,
				111FF5C21E8A0E94006DA93A /* gameBotBg.png */,
				111FF5C31E8A0E94006DA93A /* gameBotBg@2x.png */,
				111FF5C41E8A0E94006DA93A /* gameBotBg@3x.png */,
				111FF5D11E8A1013006DA93A /* peopleIcon.png */,
				111FF5D21E8A1013006DA93A /* peopleIcon@2x.png */,
				111FF5D31E8A1013006DA93A /* peopleIcon@3x.png */,
			);
			name = GameCell;
			sourceTree = "<group>";
		};
		112C147D1E5D096C001E6E18 /* Assets */ = {
			isa = PBXGroup;
			children = (
				111FF5E31E8B0EDE006DA93A /* hamburger.png */,
				111FF5E41E8B0EDE006DA93A /* hamburger@2x.png */,
				111FF5E51E8B0EDE006DA93A /* hamburger@3x.png */,
				111FF5BE1E8A0DB7006DA93A /* GameCell */,
				111FF5751E89E69E006DA93A /* SlideBar */,
				11249ADA1E7241F700FCCE1B /* Home@2x.png */,
				11249ADB1E7241F700FCCE1B /* Home.png */,
				11249ADC1E7241F700FCCE1B /* FindCourses.png */,
				11249ADD1E7241F700FCCE1B /* FindCourses@2x.png */,
				11249ADE1E7241F700FCCE1B /* CreateGame@2x.png */,
				11249ADF1E7241F700FCCE1B /* CreateGame.png */,
				111FF59A1E89EB53006DA93A /* slide_option3Grouped.png */,
				111FF59B1E89EB53006DA93A /* slide_option3Grouped@2x.png */,
				111FF59C1E89EB53006DA93A /* slide_option3Grouped@3x.png */,
				111FF56F1E89DFB1006DA93A /* GolfGrass@2x.png */,
				111FF5701E89DFB1006DA93A /* GolfGrass@3x.png */,
				111FF5711E89DFB1006DA93A /* GolfGrass.png */,
				111FF5EF1E8C3BC8006DA93A /* placeHolder.png */,
				111FF5F11E8C3C53006DA93A /* golfDefault.png */,
				1157CA481E49458900BAEE7F /* Assets.xcassets */,
				112C146E1E568252001E6E18 /* default2.realm */,
				1157CA421E49458900BAEE7F /* Main.storyboard */,
				1157CA4A1E49458900BAEE7F /* LaunchScreen.storyboard */,
			);
			name = Assets;
			path = ..;
			sourceTree = "<group>";
		};
		1157CA321E49458900BAEE7F = {
			isa = PBXGroup;
			children = (
				1157CA3D1E49458900BAEE7F /* GolfTourney */,
				1157CA551E49458A00BAEE7F /* GolfTourneyTests */,
				1157CA601E49458A00BAEE7F /* GolfTourneyUITests */,
				1157CA3C1E49458900BAEE7F /* Products */,
				1157CA781E4AA5BF00BAEE7F /* Bridgin-Header.h */,
				C8AD1B9F966515D56EE609B6 /* Pods */,
				35F5052A817D4CA60580B8B4 /* Frameworks */,
			);
			sourceTree = "<group>";
		};
		1157CA3C1E49458900BAEE7F /* Products */ = {
			isa = PBXGroup;
			children = (
				1157CA3B1E49458900BAEE7F /* GolfTourney.app */,
				1157CA521E49458A00BAEE7F /* GolfTourneyTests.xctest */,
				1157CA5D1E49458A00BAEE7F /* GolfTourneyUITests.xctest */,
			);
			name = Products;
			sourceTree = "<group>";
		};
		1157CA3D1E49458900BAEE7F /* GolfTourney */ = {
			isa = PBXGroup;
			children = (
				112C147D1E5D096C001E6E18 /* Assets */,
				1157CA721E4A98FA00BAEE7F /* Controllers */,
				1157CA711E4A98F400BAEE7F /* Models */,
				1157CA3E1E49458900BAEE7F /* AppDelegate.swift */,
				1157CA4D1E49458900BAEE7F /* Info.plist */,
				1157CA451E49458900BAEE7F /* GolfTourney.xcdatamodeld */,
				1157CA6F1E49486700BAEE7F /* GoogleService-Info.plist */,
			);
			path = GolfTourney;
			sourceTree = "<group>";
		};
		1157CA551E49458A00BAEE7F /* GolfTourneyTests */ = {
			isa = PBXGroup;
			children = (
				1157CA561E49458A00BAEE7F /* GolfTourneyTests.swift */,
				1157CA581E49458A00BAEE7F /* Info.plist */,
			);
			path = GolfTourneyTests;
			sourceTree = "<group>";
		};
		1157CA601E49458A00BAEE7F /* GolfTourneyUITests */ = {
			isa = PBXGroup;
			children = (
				1157CA611E49458A00BAEE7F /* GolfTourneyUITests.swift */,
				1157CA631E49458A00BAEE7F /* Info.plist */,
			);
			path = GolfTourneyUITests;
			sourceTree = "<group>";
		};
		1157CA711E4A98F400BAEE7F /* Models */ = {
			isa = PBXGroup;
			children = (
				11DCFC6B1E4E57FC0054DB04 /* Firebase */,
				11DCFC6A1E4E57D70054DB04 /* Realm */,
				1157CA731E4A995300BAEE7F /* Client */,
				11249AD41E6F89FC00FCCE1B /* Photo.swift */,
			);
			name = Models;
			sourceTree = "<group>";
		};
		1157CA721E4A98FA00BAEE7F /* Controllers */ = {
			isa = PBXGroup;
			children = (
				112C14731E57D3F2001E6E18 /* GridView.swift */,
				11DCFC6E1E4E65E90054DB04 /* Cells */,
				1157CA791E4ABDF700BAEE7F /* LoginViewController.swift */,
				1157CA7B1E4C112E00BAEE7F /* FindCoursesController.swift */,
				11DCFC601E4E3CB20054DB04 /* CourseGameViewController.swift */,
				11DCFC6C1E4E5FDA0054DB04 /* GameViewController.swift */,
				1197053A1E52593400687827 /* FindTourneyController.swift */,
				119705401E526C8C00687827 /* CreateGameController.swift */,
				112C14711E57D14F001E6E18 /* ScoreCardController.swift */,
				112C14751E5A433A001E6E18 /* UserProfileController.swift */,
				112C14771E5BA8E0001E6E18 /* EditProfileController.swift */,
				112C14791E5BBCCE001E6E18 /* UIViewExtension.swift */,
				112C147B1E5C44CF001E6E18 /* TabController.swift */,
				112C14801E5D0D62001E6E18 /* PlayerProfileController.swift */,
				113221781E6A3FAE008E23B3 /* ModalTransitionMediator.swift */,
				11249AFF1E7B8A5F00FCCE1B /* ChatViewController.swift */,
				119E37D41E83487100D3DCD1 /* ScoreViewController.swift */,
				119E37D61E835B7A00D3DCD1 /* ChatController.swift */,
				111FF5691E89CD18006DA93A /* FeaturedGamesController.swift */,
				111FF56B1E89D14E006DA93A /* SideBarContainerController.swift */,
				111FF56D1E89D44D006DA93A /* SideBarController.swift */,
			);
			name = Controllers;
			sourceTree = "<group>";
		};
		1157CA731E4A995300BAEE7F /* Client */ = {
			isa = PBXGroup;
			children = (
				1157CA741E4A996800BAEE7F /* NetworkClient.swift */,
				1157CA7F1E4C147B00BAEE7F /* Constants.swift */,
				11249AD01E6F5B9900FCCE1B /* FlickrClient.swift */,
				11249AD21E6F5BAC00FCCE1B /* FlickrConstants.swift */,
				11249AD61E708A0500FCCE1B /* GoogleClient.swift */,
				11249AD81E708A7B00FCCE1B /* GoogleConstants.swift */,
			);
			name = Client;
			sourceTree = "<group>";
		};
		11DCFC6A1E4E57D70054DB04 /* Realm */ = {
			isa = PBXGroup;
			children = (
				112C146D1E568252001E6E18 /* Course.swift */,
			);
			name = Realm;
			sourceTree = "<group>";
		};
		11DCFC6B1E4E57FC0054DB04 /* Firebase */ = {
			isa = PBXGroup;
			children = (
				11DCFC681E4E54D70054DB04 /* GameModel.swift */,
				1157CA761E4A999F00BAEE7F /* User.swift */,
				11DCFC711E4E66870054DB04 /* PlayerModel.swift */,
			);
			name = Firebase;
			sourceTree = "<group>";
		};
		11DCFC6E1E4E65E90054DB04 /* Cells */ = {
			isa = PBXGroup;
			children = (
				1157CA7D1E4C127A00BAEE7F /* CourseViewTableCell.swift */,
				11DCFC6F1E4E66150054DB04 /* PlayerTableCell.swift */,
				11DCFC731E4E70170054DB04 /* GameCell.swift */,
				1197053C1E52675E00687827 /* PlayerCollectionCell.swift */,
			);
			name = Cells;
			sourceTree = "<group>";
		};
		35F5052A817D4CA60580B8B4 /* Frameworks */ = {
			isa = PBXGroup;
			children = (
				119705E81E52743900687827 /* JTAppleCalendar.framework */,
				1157CA871E4CECE400BAEE7F /* RealmSwift.framework */,
				1157CA831E4CECDC00BAEE7F /* Realm.framework */,
				6915826033E9DED2AB855FB6 /* Pods_GolfTourney.framework */,
				B9926D5FCC78AEF8505149D0 /* Pods_GolfTourneyTests.framework */,
				CBC98D52C437540F1C906819 /* Pods_GolfTourneyUITests.framework */,
			);
			name = Frameworks;
			sourceTree = "<group>";
		};
		C8AD1B9F966515D56EE609B6 /* Pods */ = {
			isa = PBXGroup;
			children = (
				0F25F3DF706874C8406AE141 /* Pods-GolfTourney.debug.xcconfig */,
				13790FB63C4F5942DC8C399D /* Pods-GolfTourney.release.xcconfig */,
				2EDC026E38271C44BB405911 /* Pods-GolfTourneyTests.debug.xcconfig */,
				ED2022B515F1D4FD2867C79C /* Pods-GolfTourneyTests.release.xcconfig */,
				32D1711E24021EB1CD9D822F /* Pods-GolfTourneyUITests.debug.xcconfig */,
				1AA64BEDF404463B1BE0D8B0 /* Pods-GolfTourneyUITests.release.xcconfig */,
			);
			name = Pods;
			sourceTree = "<group>";
		};
/* End PBXGroup section */

/* Begin PBXNativeTarget section */
		1157CA3A1E49458900BAEE7F /* GolfTourney */ = {
			isa = PBXNativeTarget;
			buildConfigurationList = 1157CA661E49458A00BAEE7F /* Build configuration list for PBXNativeTarget "GolfTourney" */;
			buildPhases = (
				C86EB35462E7FF36596D2790 /* [CP] Check Pods Manifest.lock */,
				1157CA371E49458900BAEE7F /* Sources */,
				1157CA381E49458900BAEE7F /* Frameworks */,
				1157CA391E49458900BAEE7F /* Resources */,
				9876BBC7110E772B2111E48C /* [CP] Embed Pods Frameworks */,
				446D42B333FC6AA7AFA25BF4 /* [CP] Copy Pods Resources */,
				1157CA861E4CECDC00BAEE7F /* Embed Frameworks */,
				1157CA8A1E4CEDBE00BAEE7F /* ShellScript */,
			);
			buildRules = (
			);
			dependencies = (
			);
			name = GolfTourney;
			productName = GolfTourney;
			productReference = 1157CA3B1E49458900BAEE7F /* GolfTourney.app */;
			productType = "com.apple.product-type.application";
		};
		1157CA511E49458A00BAEE7F /* GolfTourneyTests */ = {
			isa = PBXNativeTarget;
			buildConfigurationList = 1157CA691E49458A00BAEE7F /* Build configuration list for PBXNativeTarget "GolfTourneyTests" */;
			buildPhases = (
				B4F3F2115CB95736480C037C /* [CP] Check Pods Manifest.lock */,
				1157CA4E1E49458A00BAEE7F /* Sources */,
				1157CA4F1E49458A00BAEE7F /* Frameworks */,
				1157CA501E49458A00BAEE7F /* Resources */,
				8B70FE5EBB066F0108A246E7 /* [CP] Embed Pods Frameworks */,
				AE3C01BE6EFB45F404BAD01D /* [CP] Copy Pods Resources */,
			);
			buildRules = (
			);
			dependencies = (
				1157CA541E49458A00BAEE7F /* PBXTargetDependency */,
			);
			name = GolfTourneyTests;
			productName = GolfTourneyTests;
			productReference = 1157CA521E49458A00BAEE7F /* GolfTourneyTests.xctest */;
			productType = "com.apple.product-type.bundle.unit-test";
		};
		1157CA5C1E49458A00BAEE7F /* GolfTourneyUITests */ = {
			isa = PBXNativeTarget;
			buildConfigurationList = 1157CA6C1E49458A00BAEE7F /* Build configuration list for PBXNativeTarget "GolfTourneyUITests" */;
			buildPhases = (
				F94102C132AED76F68A2A99C /* [CP] Check Pods Manifest.lock */,
				1157CA591E49458A00BAEE7F /* Sources */,
				1157CA5A1E49458A00BAEE7F /* Frameworks */,
				1157CA5B1E49458A00BAEE7F /* Resources */,
				2AE7F3B7F69A3E49E165E1F8 /* [CP] Embed Pods Frameworks */,
				DC9BF6B935B34BBF38FBBE57 /* [CP] Copy Pods Resources */,
			);
			buildRules = (
			);
			dependencies = (
				1157CA5F1E49458A00BAEE7F /* PBXTargetDependency */,
			);
			name = GolfTourneyUITests;
			productName = GolfTourneyUITests;
			productReference = 1157CA5D1E49458A00BAEE7F /* GolfTourneyUITests.xctest */;
			productType = "com.apple.product-type.bundle.ui-testing";
		};
/* End PBXNativeTarget section */

/* Begin PBXProject section */
		1157CA331E49458900BAEE7F /* Project object */ = {
			isa = PBXProject;
			attributes = {
				KnownAssetTags = (
					10,
				);
				LastSwiftUpdateCheck = 0820;
				LastUpgradeCheck = 0820;
				ORGANIZATIONNAME = "Dirk Milotz";
				TargetAttributes = {
					1157CA3A1E49458900BAEE7F = {
						CreatedOnToolsVersion = 8.2.1;
						DevelopmentTeam = 766WEDGHA7;
						ProvisioningStyle = Automatic;
					};
					1157CA511E49458A00BAEE7F = {
						CreatedOnToolsVersion = 8.2.1;
						DevelopmentTeam = 766WEDGHA7;
						ProvisioningStyle = Automatic;
						TestTargetID = 1157CA3A1E49458900BAEE7F;
					};
					1157CA5C1E49458A00BAEE7F = {
						CreatedOnToolsVersion = 8.2.1;
						DevelopmentTeam = 766WEDGHA7;
						ProvisioningStyle = Automatic;
						TestTargetID = 1157CA3A1E49458900BAEE7F;
					};
				};
			};
			buildConfigurationList = 1157CA361E49458900BAEE7F /* Build configuration list for PBXProject "GolfTourney" */;
			compatibilityVersion = "Xcode 3.2";
			developmentRegion = English;
			hasScannedForEncodings = 0;
			knownRegions = (
				en,
				Base,
			);
			mainGroup = 1157CA321E49458900BAEE7F;
			productRefGroup = 1157CA3C1E49458900BAEE7F /* Products */;
			projectDirPath = "";
			projectRoot = "";
			targets = (
				1157CA3A1E49458900BAEE7F /* GolfTourney */,
				1157CA511E49458A00BAEE7F /* GolfTourneyTests */,
				1157CA5C1E49458A00BAEE7F /* GolfTourneyUITests */,
			);
		};
/* End PBXProject section */

/* Begin PBXResourcesBuildPhase section */
		1157CA391E49458900BAEE7F /* Resources */ = {
			isa = PBXResourcesBuildPhase;
			buildActionMask = 2147483647;
			files = (
				111FF5741E89DFB1006DA93A /* GolfGrass.png in Resources */,
				11249AE11E7241F700FCCE1B /* Home.png in Resources */,
				111FF5961E89E6AE006DA93A /* slidePicFrame@3x.png in Resources */,
				111FF5C61E8A0E94006DA93A /* imageBg@2x.png in Resources */,
				111FF5D51E8A1013006DA93A /* peopleIcon@2x.png in Resources */,
				111FF5CA1E8A0E94006DA93A /* gameBotBg@3x.png in Resources */,
				111FF5921E89E6AE006DA93A /* slide_option_3.png in Resources */,
				111FF58C1E89E6AE006DA93A /* slide_option_1.png in Resources */,
				11249AE01E7241F700FCCE1B /* Home@2x.png in Resources */,
				111FF5731E89DFB1006DA93A /* GolfGrass@3x.png in Resources */,
				111FF5A91E89EBE2006DA93A /* logout.png in Resources */,
				111FF59D1E89EB53006DA93A /* slide_option3Grouped.png in Resources */,
				111FF5EE1E8B2551006DA93A /* greenOptBg@3x.png in Resources */,
				111FF58A1E89E6AE006DA93A /* slideLogOutButton@2x.png in Resources */,
				111FF5CE1E8A0E9F006DA93A /* courseCellMaskTop@1x.png in Resources */,
				111FF5F01E8C3BC8006DA93A /* placeHolder.png in Resources */,
				111FF5E81E8B0EDE006DA93A /* hamburger@3x.png in Resources */,
				1157CA4C1E49458900BAEE7F /* LaunchScreen.storyboard in Resources */,
				111FF5981E89E6AE006DA93A /* slideBackDrop@3x.png in Resources */,
				111FF5951E89E6AE006DA93A /* slidePicFrame@2x.png in Resources */,
				111FF5891E89E6AE006DA93A /* slideLogOutButton.png in Resources */,
				1157CA701E49486700BAEE7F /* GoogleService-Info.plist in Resources */,
				111FF5BC1E89EDAA006DA93A /* currentGamesOption@2x.png in Resources */,
				111FF5BB1E89EDAA006DA93A /* currentGamesOption.png in Resources */,
				111FF5AA1E89EBE2006DA93A /* logout@2x.png in Resources */,
				11249AE51E7241F700FCCE1B /* CreateGame.png in Resources */,
				111FF59E1E89EB53006DA93A /* slide_option3Grouped@2x.png in Resources */,
				111FF5721E89DFB1006DA93A /* GolfGrass@2x.png in Resources */,
				111FF5941E89E6AE006DA93A /* slidePicFrame.png in Resources */,
				111FF5DC1E8A1073006DA93A /* blueOptBg@3x.png in Resources */,
				1157CA491E49458900BAEE7F /* Assets.xcassets in Resources */,
				111FF5D41E8A1013006DA93A /* peopleIcon.png in Resources */,
				111FF5901E89E6AE006DA93A /* slide_option_2@2x.png in Resources */,
				11249AE31E7241F700FCCE1B /* FindCourses@2x.png in Resources */,
				111FF5B71E89ED1A006DA93A /* slide_option2@3x.png in Resources */,
				111FF5C51E8A0E94006DA93A /* imageBg.png in Resources */,
				11249AE41E7241F700FCCE1B /* CreateGame@2x.png in Resources */,
				1157CA441E49458900BAEE7F /* Main.storyboard in Resources */,
				111FF58D1E89E6AE006DA93A /* slide_option_1@2x.png in Resources */,
				111FF5971E89E6AE006DA93A /* slideBackDrop@2x.png in Resources */,
				111FF58F1E89E6AE006DA93A /* slide_option_2.png in Resources */,
				111FF59F1E89EB53006DA93A /* slide_option3Grouped@3x.png in Resources */,
				111FF58B1E89E6AE006DA93A /* slideLogOutButton@3x.png in Resources */,
				111FF58E1E89E6AE006DA93A /* slide_option_1@3x.png in Resources */,
				111FF5D61E8A1013006DA93A /* peopleIcon@3x.png in Resources */,
				111FF5DB1E8A1073006DA93A /* blueOptBg@2x.png in Resources */,
				112C14701E568252001E6E18 /* default2.realm in Resources */,
				111FF5EC1E8B2551006DA93A /* greenOptBg.png in Resources */,
				111FF5E71E8B0EDE006DA93A /* hamburger@2x.png in Resources */,
				111FF5D01E8A0E9F006DA93A /* courseCellMaskTop@3x.png in Resources */,
				111FF5931E89E6AE006DA93A /* slide_option_3@2x.png in Resources */,
				111FF5ED1E8B2551006DA93A /* greenOptBg@2x.png in Resources */,
				111FF5991E89E6AE006DA93A /* slideBackDrop.png in Resources */,
				111FF5C71E8A0E94006DA93A /* imageBg@3x.png in Resources */,
				111FF5881E89E6AE006DA93A /* slide_option_3@3x.png in Resources */,
				11249AE21E7241F700FCCE1B /* FindCourses.png in Resources */,
				111FF5911E89E6AE006DA93A /* slide_option_2@3x.png in Resources */,
				111FF5BD1E89EDAA006DA93A /* currentGamesOption@3x.png in Resources */,
				111FF5CF1E8A0E9F006DA93A /* courseCellMaskTop@2x.png in Resources */,
				111FF5C91E8A0E94006DA93A /* gameBotBg@2x.png in Resources */,
				111FF5AB1E89EBE2006DA93A /* logout@3x.png in Resources */,
				111FF5C81E8A0E94006DA93A /* gameBotBg.png in Resources */,
				111FF5B61E89ED1A006DA93A /* slide_option2@2x.png in Resources */,
				111FF5DA1E8A1073006DA93A /* blueOptBg.png in Resources */,
				111FF5E61E8B0EDE006DA93A /* hamburger.png in Resources */,
				111FF5B51E89ED1A006DA93A /* slide_option2.png in Resources */,
				111FF5F21E8C3C53006DA93A /* golfDefault.png in Resources */,
			);
			runOnlyForDeploymentPostprocessing = 0;
		};
		1157CA501E49458A00BAEE7F /* Resources */ = {
			isa = PBXResourcesBuildPhase;
			buildActionMask = 2147483647;
			files = (
			);
			runOnlyForDeploymentPostprocessing = 0;
		};
		1157CA5B1E49458A00BAEE7F /* Resources */ = {
			isa = PBXResourcesBuildPhase;
			buildActionMask = 2147483647;
			files = (
			);
			runOnlyForDeploymentPostprocessing = 0;
		};
/* End PBXResourcesBuildPhase section */

/* Begin PBXShellScriptBuildPhase section */
		1157CA8A1E4CEDBE00BAEE7F /* ShellScript */ = {
			isa = PBXShellScriptBuildPhase;
			buildActionMask = 2147483647;
			files = (
			);
			inputPaths = (
			);
			outputPaths = (
			);
			runOnlyForDeploymentPostprocessing = 0;
			shellPath = /bin/sh;
			shellScript = "bash \"${BUILT_PRODUCTS_DIR}/${FRAMEWORKS_FOLDER_PATH}/Realm.framework/strip-frameworks.sh\"";
		};
		2AE7F3B7F69A3E49E165E1F8 /* [CP] Embed Pods Frameworks */ = {
			isa = PBXShellScriptBuildPhase;
			buildActionMask = 2147483647;
			files = (
			);
			inputPaths = (
			);
			name = "[CP] Embed Pods Frameworks";
			outputPaths = (
			);
			runOnlyForDeploymentPostprocessing = 0;
			shellPath = /bin/sh;
			shellScript = "\"${SRCROOT}/Pods/Target Support Files/Pods-GolfTourneyUITests/Pods-GolfTourneyUITests-frameworks.sh\"\n";
			showEnvVarsInLog = 0;
		};
		446D42B333FC6AA7AFA25BF4 /* [CP] Copy Pods Resources */ = {
			isa = PBXShellScriptBuildPhase;
			buildActionMask = 2147483647;
			files = (
			);
			inputPaths = (
			);
			name = "[CP] Copy Pods Resources";
			outputPaths = (
			);
			runOnlyForDeploymentPostprocessing = 0;
			shellPath = /bin/sh;
			shellScript = "\"${SRCROOT}/Pods/Target Support Files/Pods-GolfTourney/Pods-GolfTourney-resources.sh\"\n";
			showEnvVarsInLog = 0;
		};
		8B70FE5EBB066F0108A246E7 /* [CP] Embed Pods Frameworks */ = {
			isa = PBXShellScriptBuildPhase;
			buildActionMask = 2147483647;
			files = (
			);
			inputPaths = (
			);
			name = "[CP] Embed Pods Frameworks";
			outputPaths = (
			);
			runOnlyForDeploymentPostprocessing = 0;
			shellPath = /bin/sh;
			shellScript = "\"${SRCROOT}/Pods/Target Support Files/Pods-GolfTourneyTests/Pods-GolfTourneyTests-frameworks.sh\"\n";
			showEnvVarsInLog = 0;
		};
		9876BBC7110E772B2111E48C /* [CP] Embed Pods Frameworks */ = {
			isa = PBXShellScriptBuildPhase;
			buildActionMask = 2147483647;
			files = (
			);
			inputPaths = (
			);
			name = "[CP] Embed Pods Frameworks";
			outputPaths = (
			);
			runOnlyForDeploymentPostprocessing = 0;
			shellPath = /bin/sh;
			shellScript = "\"${SRCROOT}/Pods/Target Support Files/Pods-GolfTourney/Pods-GolfTourney-frameworks.sh\"\n";
			showEnvVarsInLog = 0;
		};
		AE3C01BE6EFB45F404BAD01D /* [CP] Copy Pods Resources */ = {
			isa = PBXShellScriptBuildPhase;
			buildActionMask = 2147483647;
			files = (
			);
			inputPaths = (
			);
			name = "[CP] Copy Pods Resources";
			outputPaths = (
			);
			runOnlyForDeploymentPostprocessing = 0;
			shellPath = /bin/sh;
			shellScript = "\"${SRCROOT}/Pods/Target Support Files/Pods-GolfTourneyTests/Pods-GolfTourneyTests-resources.sh\"\n";
			showEnvVarsInLog = 0;
		};
		B4F3F2115CB95736480C037C /* [CP] Check Pods Manifest.lock */ = {
			isa = PBXShellScriptBuildPhase;
			buildActionMask = 2147483647;
			files = (
			);
			inputPaths = (
			);
			name = "[CP] Check Pods Manifest.lock";
			outputPaths = (
			);
			runOnlyForDeploymentPostprocessing = 0;
			shellPath = /bin/sh;
			shellScript = "diff \"${PODS_ROOT}/../Podfile.lock\" \"${PODS_ROOT}/Manifest.lock\" > /dev/null\nif [ $? != 0 ] ; then\n    # print error to STDERR\n    echo \"error: The sandbox is not in sync with the Podfile.lock. Run 'pod install' or update your CocoaPods installation.\" >&2\n    exit 1\nfi\n";
			showEnvVarsInLog = 0;
		};
		C86EB35462E7FF36596D2790 /* [CP] Check Pods Manifest.lock */ = {
			isa = PBXShellScriptBuildPhase;
			buildActionMask = 2147483647;
			files = (
			);
			inputPaths = (
			);
			name = "[CP] Check Pods Manifest.lock";
			outputPaths = (
			);
			runOnlyForDeploymentPostprocessing = 0;
			shellPath = /bin/sh;
			shellScript = "diff \"${PODS_ROOT}/../Podfile.lock\" \"${PODS_ROOT}/Manifest.lock\" > /dev/null\nif [ $? != 0 ] ; then\n    # print error to STDERR\n    echo \"error: The sandbox is not in sync with the Podfile.lock. Run 'pod install' or update your CocoaPods installation.\" >&2\n    exit 1\nfi\n";
			showEnvVarsInLog = 0;
		};
		DC9BF6B935B34BBF38FBBE57 /* [CP] Copy Pods Resources */ = {
			isa = PBXShellScriptBuildPhase;
			buildActionMask = 2147483647;
			files = (
			);
			inputPaths = (
			);
			name = "[CP] Copy Pods Resources";
			outputPaths = (
			);
			runOnlyForDeploymentPostprocessing = 0;
			shellPath = /bin/sh;
			shellScript = "\"${SRCROOT}/Pods/Target Support Files/Pods-GolfTourneyUITests/Pods-GolfTourneyUITests-resources.sh\"\n";
			showEnvVarsInLog = 0;
		};
		F94102C132AED76F68A2A99C /* [CP] Check Pods Manifest.lock */ = {
			isa = PBXShellScriptBuildPhase;
			buildActionMask = 2147483647;
			files = (
			);
			inputPaths = (
			);
			name = "[CP] Check Pods Manifest.lock";
			outputPaths = (
			);
			runOnlyForDeploymentPostprocessing = 0;
			shellPath = /bin/sh;
			shellScript = "diff \"${PODS_ROOT}/../Podfile.lock\" \"${PODS_ROOT}/Manifest.lock\" > /dev/null\nif [ $? != 0 ] ; then\n    # print error to STDERR\n    echo \"error: The sandbox is not in sync with the Podfile.lock. Run 'pod install' or update your CocoaPods installation.\" >&2\n    exit 1\nfi\n";
			showEnvVarsInLog = 0;
		};
/* End PBXShellScriptBuildPhase section */

/* Begin PBXSourcesBuildPhase section */
		1157CA371E49458900BAEE7F /* Sources */ = {
			isa = PBXSourcesBuildPhase;
			buildActionMask = 2147483647;
			files = (
				11249AD31E6F5BAC00FCCE1B /* FlickrConstants.swift in Sources */,
				112C14761E5A433A001E6E18 /* UserProfileController.swift in Sources */,
				11DCFC701E4E66150054DB04 /* PlayerTableCell.swift in Sources */,
				1197053B1E52593400687827 /* FindTourneyController.swift in Sources */,
				112C14741E57D3F2001E6E18 /* GridView.swift in Sources */,
				1157CA3F1E49458900BAEE7F /* AppDelegate.swift in Sources */,
				112C147C1E5C44CF001E6E18 /* TabController.swift in Sources */,
				111FF56A1E89CD18006DA93A /* FeaturedGamesController.swift in Sources */,
				1157CA471E49458900BAEE7F /* GolfTourney.xcdatamodeld in Sources */,
				11DCFC611E4E3CB20054DB04 /* CourseGameViewController.swift in Sources */,
				11249AD11E6F5B9900FCCE1B /* FlickrClient.swift in Sources */,
				11DCFC741E4E70170054DB04 /* GameCell.swift in Sources */,
				11DCFC6D1E4E5FDA0054DB04 /* GameViewController.swift in Sources */,
				11DCFC721E4E66870054DB04 /* PlayerModel.swift in Sources */,
				11249AD71E708A0500FCCE1B /* GoogleClient.swift in Sources */,
				113221791E6A3FAE008E23B3 /* ModalTransitionMediator.swift in Sources */,
				112C14721E57D14F001E6E18 /* ScoreCardController.swift in Sources */,
				111FF56E1E89D44D006DA93A /* SideBarController.swift in Sources */,
				11249AD91E708A7B00FCCE1B /* GoogleConstants.swift in Sources */,
				11DCFC691E4E54D70054DB04 /* GameModel.swift in Sources */,
				11249B001E7B8A5F00FCCE1B /* ChatViewController.swift in Sources */,
				111FF56C1E89D14E006DA93A /* SideBarContainerController.swift in Sources */,
				112C146F1E568252001E6E18 /* Course.swift in Sources */,
				112C14781E5BA8E0001E6E18 /* EditProfileController.swift in Sources */,
				119705411E526C8C00687827 /* CreateGameController.swift in Sources */,
				1157CA771E4A999F00BAEE7F /* User.swift in Sources */,
				119E37D51E83487100D3DCD1 /* ScoreViewController.swift in Sources */,
				1157CA7E1E4C127A00BAEE7F /* CourseViewTableCell.swift in Sources */,
				1157CA7C1E4C112E00BAEE7F /* FindCoursesController.swift in Sources */,
				1157CA7A1E4ABDF700BAEE7F /* LoginViewController.swift in Sources */,
				112C147A1E5BBCCE001E6E18 /* UIViewExtension.swift in Sources */,
				1157CA751E4A996800BAEE7F /* NetworkClient.swift in Sources */,
				1157CA801E4C147B00BAEE7F /* Constants.swift in Sources */,
				112C14811E5D0D62001E6E18 /* PlayerProfileController.swift in Sources */,
				119E37D71E835B7A00D3DCD1 /* ChatController.swift in Sources */,
				1197053D1E52675E00687827 /* PlayerCollectionCell.swift in Sources */,
				11249AD51E6F89FC00FCCE1B /* Photo.swift in Sources */,
			);
			runOnlyForDeploymentPostprocessing = 0;
		};
		1157CA4E1E49458A00BAEE7F /* Sources */ = {
			isa = PBXSourcesBuildPhase;
			buildActionMask = 2147483647;
			files = (
				1157CA571E49458A00BAEE7F /* GolfTourneyTests.swift in Sources */,
			);
			runOnlyForDeploymentPostprocessing = 0;
		};
		1157CA591E49458A00BAEE7F /* Sources */ = {
			isa = PBXSourcesBuildPhase;
			buildActionMask = 2147483647;
			files = (
				1157CA621E49458A00BAEE7F /* GolfTourneyUITests.swift in Sources */,
			);
			runOnlyForDeploymentPostprocessing = 0;
		};
/* End PBXSourcesBuildPhase section */

/* Begin PBXTargetDependency section */
		1157CA541E49458A00BAEE7F /* PBXTargetDependency */ = {
			isa = PBXTargetDependency;
			target = 1157CA3A1E49458900BAEE7F /* GolfTourney */;
			targetProxy = 1157CA531E49458A00BAEE7F /* PBXContainerItemProxy */;
		};
		1157CA5F1E49458A00BAEE7F /* PBXTargetDependency */ = {
			isa = PBXTargetDependency;
			target = 1157CA3A1E49458900BAEE7F /* GolfTourney */;
			targetProxy = 1157CA5E1E49458A00BAEE7F /* PBXContainerItemProxy */;
		};
/* End PBXTargetDependency section */

/* Begin PBXVariantGroup section */
		1157CA421E49458900BAEE7F /* Main.storyboard */ = {
			isa = PBXVariantGroup;
			children = (
				1157CA431E49458900BAEE7F /* Base */,
			);
			name = Main.storyboard;
			path = GolfTourney;
			sourceTree = "<group>";
		};
		1157CA4A1E49458900BAEE7F /* LaunchScreen.storyboard */ = {
			isa = PBXVariantGroup;
			children = (
				1157CA4B1E49458900BAEE7F /* Base */,
			);
			name = LaunchScreen.storyboard;
			path = GolfTourney;
			sourceTree = "<group>";
		};
/* End PBXVariantGroup section */

/* Begin XCBuildConfiguration section */
		1157CA641E49458A00BAEE7F /* Debug */ = {
			isa = XCBuildConfiguration;
			buildSettings = {
				ALWAYS_SEARCH_USER_PATHS = NO;
				CLANG_ANALYZER_NONNULL = YES;
				CLANG_CXX_LANGUAGE_STANDARD = "gnu++0x";
				CLANG_CXX_LIBRARY = "libc++";
				CLANG_ENABLE_MODULES = YES;
				CLANG_ENABLE_OBJC_ARC = YES;
				CLANG_WARN_BOOL_CONVERSION = YES;
				CLANG_WARN_CONSTANT_CONVERSION = YES;
				CLANG_WARN_DIRECT_OBJC_ISA_USAGE = YES_ERROR;
				CLANG_WARN_DOCUMENTATION_COMMENTS = YES;
				CLANG_WARN_EMPTY_BODY = YES;
				CLANG_WARN_ENUM_CONVERSION = YES;
				CLANG_WARN_INFINITE_RECURSION = YES;
				CLANG_WARN_INT_CONVERSION = YES;
				CLANG_WARN_OBJC_ROOT_CLASS = YES_ERROR;
				CLANG_WARN_SUSPICIOUS_MOVE = YES;
				CLANG_WARN_UNREACHABLE_CODE = YES;
				CLANG_WARN__DUPLICATE_METHOD_MATCH = YES;
				"CODE_SIGN_IDENTITY[sdk=iphoneos*]" = "iPhone Developer";
				COPY_PHASE_STRIP = NO;
				DEBUG_INFORMATION_FORMAT = dwarf;
				ENABLE_STRICT_OBJC_MSGSEND = YES;
				ENABLE_TESTABILITY = YES;
				GCC_C_LANGUAGE_STANDARD = gnu99;
				GCC_DYNAMIC_NO_PIC = NO;
				GCC_NO_COMMON_BLOCKS = YES;
				GCC_OPTIMIZATION_LEVEL = 0;
				GCC_PREPROCESSOR_DEFINITIONS = (
					"DEBUG=1",
					"$(inherited)",
				);
				GCC_WARN_64_TO_32_BIT_CONVERSION = YES;
				GCC_WARN_ABOUT_RETURN_TYPE = YES_ERROR;
				GCC_WARN_UNDECLARED_SELECTOR = YES;
				GCC_WARN_UNINITIALIZED_AUTOS = YES_AGGRESSIVE;
				GCC_WARN_UNUSED_FUNCTION = YES;
				GCC_WARN_UNUSED_VARIABLE = YES;
				IPHONEOS_DEPLOYMENT_TARGET = 10.2;
				MTL_ENABLE_DEBUG_INFO = YES;
				ONLY_ACTIVE_ARCH = YES;
				SDKROOT = iphoneos;
				SWIFT_ACTIVE_COMPILATION_CONDITIONS = DEBUG;
				SWIFT_OPTIMIZATION_LEVEL = "-Onone";
				TARGETED_DEVICE_FAMILY = "1,2";
			};
			name = Debug;
		};
		1157CA651E49458A00BAEE7F /* Release */ = {
			isa = XCBuildConfiguration;
			buildSettings = {
				ALWAYS_SEARCH_USER_PATHS = NO;
				CLANG_ANALYZER_NONNULL = YES;
				CLANG_CXX_LANGUAGE_STANDARD = "gnu++0x";
				CLANG_CXX_LIBRARY = "libc++";
				CLANG_ENABLE_MODULES = YES;
				CLANG_ENABLE_OBJC_ARC = YES;
				CLANG_WARN_BOOL_CONVERSION = YES;
				CLANG_WARN_CONSTANT_CONVERSION = YES;
				CLANG_WARN_DIRECT_OBJC_ISA_USAGE = YES_ERROR;
				CLANG_WARN_DOCUMENTATION_COMMENTS = YES;
				CLANG_WARN_EMPTY_BODY = YES;
				CLANG_WARN_ENUM_CONVERSION = YES;
				CLANG_WARN_INFINITE_RECURSION = YES;
				CLANG_WARN_INT_CONVERSION = YES;
				CLANG_WARN_OBJC_ROOT_CLASS = YES_ERROR;
				CLANG_WARN_SUSPICIOUS_MOVE = YES;
				CLANG_WARN_UNREACHABLE_CODE = YES;
				CLANG_WARN__DUPLICATE_METHOD_MATCH = YES;
				"CODE_SIGN_IDENTITY[sdk=iphoneos*]" = "iPhone Developer";
				COPY_PHASE_STRIP = NO;
				DEBUG_INFORMATION_FORMAT = "dwarf-with-dsym";
				ENABLE_NS_ASSERTIONS = NO;
				ENABLE_STRICT_OBJC_MSGSEND = YES;
				GCC_C_LANGUAGE_STANDARD = gnu99;
				GCC_NO_COMMON_BLOCKS = YES;
				GCC_WARN_64_TO_32_BIT_CONVERSION = YES;
				GCC_WARN_ABOUT_RETURN_TYPE = YES_ERROR;
				GCC_WARN_UNDECLARED_SELECTOR = YES;
				GCC_WARN_UNINITIALIZED_AUTOS = YES_AGGRESSIVE;
				GCC_WARN_UNUSED_FUNCTION = YES;
				GCC_WARN_UNUSED_VARIABLE = YES;
				IPHONEOS_DEPLOYMENT_TARGET = 10.2;
				MTL_ENABLE_DEBUG_INFO = NO;
				SDKROOT = iphoneos;
				SWIFT_OPTIMIZATION_LEVEL = "-Owholemodule";
				TARGETED_DEVICE_FAMILY = "1,2";
				VALIDATE_PRODUCT = YES;
			};
			name = Release;
		};
		1157CA671E49458A00BAEE7F /* Debug */ = {
			isa = XCBuildConfiguration;
			baseConfigurationReference = 0F25F3DF706874C8406AE141 /* Pods-GolfTourney.debug.xcconfig */;
			buildSettings = {
				ASSETCATALOG_COMPILER_APPICON_NAME = AppIcon;
				DEVELOPMENT_TEAM = 766WEDGHA7;
				FRAMEWORK_SEARCH_PATHS = (
					"$(inherited)",
					"$(PROJECT_DIR)",
				);
				INFOPLIST_FILE = GolfTourney/Info.plist;
				LD_RUNPATH_SEARCH_PATHS = "$(inherited) @executable_path/Frameworks";
				PRODUCT_BUNDLE_IDENTIFIER = dag.GolfTourney;
				PRODUCT_NAME = "$(TARGET_NAME)";
				SWIFT_VERSION = 3.0;
			};
			name = Debug;
		};
		1157CA681E49458A00BAEE7F /* Release */ = {
			isa = XCBuildConfiguration;
			baseConfigurationReference = 13790FB63C4F5942DC8C399D /* Pods-GolfTourney.release.xcconfig */;
			buildSettings = {
				ASSETCATALOG_COMPILER_APPICON_NAME = AppIcon;
				DEVELOPMENT_TEAM = 766WEDGHA7;
				FRAMEWORK_SEARCH_PATHS = (
					"$(inherited)",
					"$(PROJECT_DIR)",
				);
				INFOPLIST_FILE = GolfTourney/Info.plist;
				LD_RUNPATH_SEARCH_PATHS = "$(inherited) @executable_path/Frameworks";
				PRODUCT_BUNDLE_IDENTIFIER = dag.GolfTourney;
				PRODUCT_NAME = "$(TARGET_NAME)";
				SWIFT_VERSION = 3.0;
			};
			name = Release;
		};
		1157CA6A1E49458A00BAEE7F /* Debug */ = {
			isa = XCBuildConfiguration;
			baseConfigurationReference = 2EDC026E38271C44BB405911 /* Pods-GolfTourneyTests.debug.xcconfig */;
			buildSettings = {
				ALWAYS_EMBED_SWIFT_STANDARD_LIBRARIES = YES;
				BUNDLE_LOADER = "$(TEST_HOST)";
				DEVELOPMENT_TEAM = 766WEDGHA7;
				INFOPLIST_FILE = GolfTourneyTests/Info.plist;
				LD_RUNPATH_SEARCH_PATHS = "$(inherited) @executable_path/Frameworks @loader_path/Frameworks";
				PRODUCT_BUNDLE_IDENTIFIER = dag.GolfTourneyTests;
				PRODUCT_NAME = "$(TARGET_NAME)";
				SWIFT_VERSION = 3.0;
				TEST_HOST = "$(BUILT_PRODUCTS_DIR)/GolfTourney.app/GolfTourney";
			};
			name = Debug;
		};
		1157CA6B1E49458A00BAEE7F /* Release */ = {
			isa = XCBuildConfiguration;
			baseConfigurationReference = ED2022B515F1D4FD2867C79C /* Pods-GolfTourneyTests.release.xcconfig */;
			buildSettings = {
				ALWAYS_EMBED_SWIFT_STANDARD_LIBRARIES = YES;
				BUNDLE_LOADER = "$(TEST_HOST)";
				DEVELOPMENT_TEAM = 766WEDGHA7;
				INFOPLIST_FILE = GolfTourneyTests/Info.plist;
				LD_RUNPATH_SEARCH_PATHS = "$(inherited) @executable_path/Frameworks @loader_path/Frameworks";
				PRODUCT_BUNDLE_IDENTIFIER = dag.GolfTourneyTests;
				PRODUCT_NAME = "$(TARGET_NAME)";
				SWIFT_VERSION = 3.0;
				TEST_HOST = "$(BUILT_PRODUCTS_DIR)/GolfTourney.app/GolfTourney";
			};
			name = Release;
		};
		1157CA6D1E49458A00BAEE7F /* Debug */ = {
			isa = XCBuildConfiguration;
			baseConfigurationReference = 32D1711E24021EB1CD9D822F /* Pods-GolfTourneyUITests.debug.xcconfig */;
			buildSettings = {
				ALWAYS_EMBED_SWIFT_STANDARD_LIBRARIES = YES;
				DEVELOPMENT_TEAM = 766WEDGHA7;
				INFOPLIST_FILE = GolfTourneyUITests/Info.plist;
				LD_RUNPATH_SEARCH_PATHS = "$(inherited) @executable_path/Frameworks @loader_path/Frameworks";
				PRODUCT_BUNDLE_IDENTIFIER = dag.GolfTourneyUITests;
				PRODUCT_NAME = "$(TARGET_NAME)";
				SWIFT_VERSION = 3.0;
				TEST_TARGET_NAME = GolfTourney;
			};
			name = Debug;
		};
		1157CA6E1E49458A00BAEE7F /* Release */ = {
			isa = XCBuildConfiguration;
			baseConfigurationReference = 1AA64BEDF404463B1BE0D8B0 /* Pods-GolfTourneyUITests.release.xcconfig */;
			buildSettings = {
				ALWAYS_EMBED_SWIFT_STANDARD_LIBRARIES = YES;
				DEVELOPMENT_TEAM = 766WEDGHA7;
				INFOPLIST_FILE = GolfTourneyUITests/Info.plist;
				LD_RUNPATH_SEARCH_PATHS = "$(inherited) @executable_path/Frameworks @loader_path/Frameworks";
				PRODUCT_BUNDLE_IDENTIFIER = dag.GolfTourneyUITests;
				PRODUCT_NAME = "$(TARGET_NAME)";
				SWIFT_VERSION = 3.0;
				TEST_TARGET_NAME = GolfTourney;
			};
			name = Release;
		};
/* End XCBuildConfiguration section */

/* Begin XCConfigurationList section */
		1157CA361E49458900BAEE7F /* Build configuration list for PBXProject "GolfTourney" */ = {
			isa = XCConfigurationList;
			buildConfigurations = (
				1157CA641E49458A00BAEE7F /* Debug */,
				1157CA651E49458A00BAEE7F /* Release */,
			);
			defaultConfigurationIsVisible = 0;
			defaultConfigurationName = Release;
		};
		1157CA661E49458A00BAEE7F /* Build configuration list for PBXNativeTarget "GolfTourney" */ = {
			isa = XCConfigurationList;
			buildConfigurations = (
				1157CA671E49458A00BAEE7F /* Debug */,
				1157CA681E49458A00BAEE7F /* Release */,
			);
			defaultConfigurationIsVisible = 0;
			defaultConfigurationName = Release;
		};
		1157CA691E49458A00BAEE7F /* Build configuration list for PBXNativeTarget "GolfTourneyTests" */ = {
			isa = XCConfigurationList;
			buildConfigurations = (
				1157CA6A1E49458A00BAEE7F /* Debug */,
				1157CA6B1E49458A00BAEE7F /* Release */,
			);
			defaultConfigurationIsVisible = 0;
			defaultConfigurationName = Release;
		};
		1157CA6C1E49458A00BAEE7F /* Build configuration list for PBXNativeTarget "GolfTourneyUITests" */ = {
			isa = XCConfigurationList;
			buildConfigurations = (
				1157CA6D1E49458A00BAEE7F /* Debug */,
				1157CA6E1E49458A00BAEE7F /* Release */,
			);
			defaultConfigurationIsVisible = 0;
			defaultConfigurationName = Release;
		};
/* End XCConfigurationList section */

/* Begin XCVersionGroup section */
		1157CA451E49458900BAEE7F /* GolfTourney.xcdatamodeld */ = {
			isa = XCVersionGroup;
			children = (
				1157CA461E49458900BAEE7F /* GolfTourney.xcdatamodel */,
			);
			currentVersion = 1157CA461E49458900BAEE7F /* GolfTourney.xcdatamodel */;
			path = GolfTourney.xcdatamodeld;
			sourceTree = "<group>";
			versionGroupType = wrapper.xcdatamodel;
		};
/* End XCVersionGroup section */
	};
	rootObject = 1157CA331E49458900BAEE7F /* Project object */;
}
